{"format_version":"1.0","provider_schemas":{"registry.terraform.io/kionsoftware/kion":{"provider":{"version":0,"block":{"attributes":{"api_key":{"type":"string","description":"Kion API key. Can be set with KION_API_KEY environment variable.","description_kind":"plain","optional":true,"sensitive":true},"api_url":{"type":"string","description":"Kion API base URL. Can be set with KION_API_URL environment variable.","description_kind":"plain","optional":true},"apikey":{"type":"string","description":"Deprecated: use api_key instead. Kion API key.","description_kind":"plain","optional":true,"sensitive":true},"apipath":{"type":"string","description":"Deprecated: no longer needed. API path override.","description_kind":"plain","optional":true},"auth_token":{"type":"string","description":"Kion authentication token. Can be set with KION_AUTH_TOKEN environment variable.","description_kind":"plain","optional":true,"sensitive":true},"skip_ssl_validation":{"type":"bool","description":"Skip SSL certificate verification. Can be set with KION_SKIP_SSL_VALIDATION environment variable.","description_kind":"plain","optional":true},"url":{"type":"string","description":"Deprecated: use api_url instead. Kion API base URL.","description_kind":"plain","optional":true}},"description":"Interact with Kion cloud governance platform.","description_kind":"plain"}},"resource_schemas":{"kion_account":{"version":0,"block":{"attributes":{"account_alias":{"type":"string","description":"Account alias is an optional short unique name that helps identify the account within Kion.","description_kind":"plain","optional":true},"account_number":{"type":"string","description":"The account number of the AWS account.  If account_number is provided, the existing account will be imported into Kion.  If account_number is omitted, a new account will be created.","description_kind":"plain","optional":true,"computed":true},"account_type_id":{"type":"number","description":"An ID representing the account type within Kion.","description_kind":"plain","optional":true,"computed":true},"car_external_id":{"type":"string","description":"The external ID used when assuming cloud access roles.","description_kind":"plain","computed":true},"commercial_account_name":{"type":"string","description":"The name used when creating new commercial account.","description_kind":"plain","optional":true},"create_govcloud":{"type":"bool","description":"True to create an AWS GovCloud account.","description_kind":"plain","optional":true},"created_at":{"type":"string","description_kind":"plain","computed":true},"email":{"type":"string","description":"The root email address to associate with a new account.  Required when creating a new account unless an account placeholder email has been set.","description_kind":"plain","optional":true,"computed":true},"gov_account_name":{"type":"string","description":"The name used when creating new GovCloud account.","description_kind":"plain","optional":true},"id":{"type":"number","description_kind":"plain","computed":true},"include_linked_account_spend":{"type":"bool","description":"True to associate spend from a linked GovCloud account with this account.","description_kind":"plain","optional":true,"computed":true},"labels":{"type":["map","string"],"description":"A map of labels to assign to the account. The labels must already exist in Kion.","description_kind":"plain","optional":true},"last_updated":{"type":"string","description_kind":"plain","optional":true,"computed":true},"linked_account_number":{"type":"string","description":"For AWS GovCloud accounts, this is the linked commercial account.  Otherwise this is empty.","description_kind":"plain","computed":true},"linked_role":{"type":"string","description":"The AWS organization service role.","description_kind":"plain","optional":true},"location":{"type":"string","description":"Where the account is attached. Either \"project\" or \"cache\".","description_kind":"plain","computed":true},"name":{"type":"string","description":"The name of the AWS account within Kion.","description_kind":"plain","required":true},"payer_id":{"type":"number","description":"The ID of the billing source containing billing data for this account.","description_kind":"plain","required":true},"project_id":{"type":"number","description":"The ID of the Kion project to place this account within. If empty, the account will be placed within the account cache.","description_kind":"plain","optional":true},"service_external_id":{"type":"string","description":"The external ID used for automated internal actions using the service role for this account.","description_kind":"plain","computed":true},"skip_access_checking":{"type":"bool","description":"True to skip periodic access checking on the account.","description_kind":"plain","optional":true,"computed":true},"start_datecode":{"type":"string","description":"Date when the AWS account will starting submitting payments against a funding source (YYYY-MM). Required if placing an account within a project.","description_kind":"plain","optional":true,"computed":true},"use_org_account_info":{"type":"bool","description":"True to keep the account name and email address in Kion in sync with the account name and email address as set in AWS Organization.","description_kind":"plain","optional":true,"computed":true}},"block_types":{"aws_organizational_unit":{"nesting_mode":"single","block":{"attributes":{"name":{"type":"string","description":"Name of the organizational unit in AWS.","description_kind":"plain","optional":true},"org_unit_id":{"type":"string","description":"OUID of the AWS Organization unit.","description_kind":"plain","optional":true}},"description":"Where to place this account within AWS Organization when creating an account.","description_kind":"plain"}},"move_project_settings":{"nesting_mode":"single","block":{"attributes":{"financials":{"type":"string","description":"One of \"move\" or \"preserve\".  If \"move\", financial history will be moved to the new project beginning on the date specified by the move_datecode parameter.  If \"preserve\", financial history will be preserved on the current project.","description_kind":"plain","optional":true},"move_datecode":{"type":"number","description":"The start date to use when moving financial data in YYYYMM format.  This only applies when financials is set to move.  If provided, only financial data from this date to the current month will be moved to the new project.  If omitted or 0, all financial data will be moved to the new project.","description_kind":"plain","optional":true}},"description":"Parameters used when moving an account between Kion projects.  These settings are ignored unless moving an account.","description_kind":"plain"}}},"description":"Creates or imports an AWS Account and adds it to a Kion project or the Kion account cache.\n\nIf `account_number` is provided, an existing account will be imported into Kion, otherwise a new AWS account will be created.  If `project_id` is provided the account will be added to the corresponding project, otherwise the account will be added to the account cache.\n\nOnce added, an account can be moved between projects or in and out of the account cache by changing the `project_id`.  When moving accounts between projects, use `move_project_settings` to control how financials will be treated between the old and new project.\n\n**NOTE:** This resource requires Kion v3.8.4 or greater.","description_kind":"plain"}},"kion_account_cache":{"version":0,"block":{"attributes":{"account_alias":{"type":"string","description":"Alias of the account in the application.","description_kind":"markdown","optional":true,"computed":true},"account_email":{"type":"string","description":"Root email of the account if created inside the application, otherwise it will be an empty string. Note: If an account placeholder email (e.g. `jdoe+%s@example.com`) has been set, account_email MUST be empty. In this case, account_email will be set to the account placeholder email formatted with the account_name field (e.g. `jdoe+account_name@example.com`). Otherwise, account_email is required.","description_kind":"markdown","optional":true,"computed":true},"account_name":{"type":"string","description":"Name of the account in the application.","description_kind":"markdown","required":true},"account_number":{"type":"string","description":"The account number.","description_kind":"markdown","optional":true,"computed":true},"account_type_id":{"type":"number","description":"AccountTypeID is used to specify the AWS Account Type being created. If not explicitly set, the partition that Kion is running in will be used.\nFor AWS Commercial accounts, this value is 1.\nFor AWS Government accounts, this value is 2.\nFor AWS C2S accounts, this value is 4.\nFor AWS SC2S accounts, this value is 5.","description_kind":"markdown","optional":true,"computed":true},"car_external_id":{"type":"string","description":"The cloud access role external ID.","description_kind":"markdown","computed":true},"commercial_account_name":{"type":"string","description":"Name of the Commercial Account in the application. If none is provided, a default value of\n\"{Name} - Commercial\" will be used instead. If include_linked_account_spend is set to true,\nthis value will be ignored.","description_kind":"markdown","optional":true,"computed":true},"create_govcloud":{"type":"bool","description":"CreateGovcloud determines if this account should be created in govcloud. The default value is false.","description_kind":"markdown","optional":true,"computed":true},"created_at":{"type":"string","description":"When the account cache was created.","description_kind":"markdown","computed":true},"gov_account_name":{"type":"string","description":"Name of the GovCloud Account in the application.\nIf no value is provided, \"{Name} - GovCloud\" will be used if create_govcloud is true","description_kind":"markdown","optional":true,"computed":true},"id":{"type":"string","description":"AccountCache ID.","description_kind":"markdown","computed":true},"include_linked_account_spend":{"type":"bool","description":"When true, the application will include linked account spend from linked govcloud or commercial accounts. If a Govcloud account is created with include linked account spend set to false, cloudtamer.io will create both a commercial and govcloud account and add them both to the cache. Default is false.","description_kind":"markdown","optional":true,"computed":true},"last_updated":{"type":"string","description":"The last time this resource was updated.","description_kind":"markdown","optional":true,"computed":true},"linked_account_number":{"type":"string","description":"The linked account number.","description_kind":"markdown","computed":true},"linked_role":{"type":"string","description":"Name of the AWS Organizations service role. Default as well as what AWS recommends is: OrganizationAccountAccessRole.","description_kind":"markdown","optional":true,"computed":true},"organizational_unit":{"nested_type":{"attributes":{"name":{"type":"string","description":"Name of the organizational unit in aws.","description_kind":"markdown","optional":true,"computed":true},"org_unit_id":{"type":"string","description":"OUID is id of the aws organization","description_kind":"markdown","optional":true,"computed":true}},"nesting_mode":"single"},"description":"PayerOrganizationalUnit represents an organizational unit in an AWS payer's organization.","description_kind":"markdown","optional":true,"computed":true},"payer_id":{"type":"number","description":"ID of the payer where the application can find the billing data for the account.","description_kind":"markdown","required":true},"service_external_id":{"type":"string","description":"The service external ID.","description_kind":"markdown","computed":true},"skip_access_checking":{"type":"bool","description":"Whether access checking is skipped.","description_kind":"markdown","optional":true,"computed":true}},"description_kind":"plain"}},"kion_account_linkage":{"version":0,"block":{"attributes":{"azure_object_id":{"type":"string","description":"Azure Object ID of the user (UUID format).","description_kind":"markdown","required":true},"azure_principal_name":{"type":"string","description":"Azure Principal Name (UPN) of the user.","description_kind":"markdown","required":true},"id":{"type":"string","description":"Account linkage ID.","description_kind":"markdown","computed":true},"payer_id":{"type":"number","description":"ID of the payer this linkage is associated with.","description_kind":"markdown","required":true},"user_id":{"type":"number","description":"ID of the Kion user to link.","description_kind":"markdown","required":true}},"description_kind":"plain"}},"kion_ami":{"version":0,"block":{"attributes":{"account_id":{"type":"number","description":"AWS account application ID where the AMI is stored.","description_kind":"markdown","required":true},"aws_ami_id":{"type":"string","description":"Image ID of the AMI from AWS.","description_kind":"markdown","required":true},"description":{"type":"string","description":"Description for the AMI in the application.","description_kind":"markdown","optional":true,"computed":true},"expiration_alert_number":{"type":"number","description":"TThe amount of time before the expiration alert is shown","description_kind":"markdown","optional":true,"computed":true},"expiration_alert_unit":{"type":"string","description":"The unit for the expiration alert lead time (e.g. \"days\").","description_kind":"markdown","optional":true,"computed":true},"expiration_notify":{"type":"bool","description":"Will notify the owners that the shared AMI has expired","description_kind":"markdown","optional":true,"computed":true},"expiration_warning_number":{"type":"number","description":"The amount of time before the expiration warning is sent","description_kind":"markdown","optional":true,"computed":true},"expiration_warning_unit":{"type":"string","description":"The unit for the expiration warning lead time (e.g. \"days\").","description_kind":"markdown","optional":true,"computed":true},"expires_at":{"type":"string","description":"The expiration timestamp for the AMI, as an RFC3339 string.","description_kind":"markdown","optional":true,"computed":true},"id":{"type":"string","description":"AMI ID.","description_kind":"markdown","computed":true},"name":{"type":"string","description":"Name of the AMI in the application.","description_kind":"markdown","required":true},"owner_user_group_ids":{"type":["list","number"],"description":"List of groups IDs who will own the ami. Is required if no owner user IDs are listed.","description_kind":"markdown","optional":true,"computed":true},"owner_user_ids":{"type":["list","number"],"description":"List of user IDs who will own the ami. Is required if no owner group IDs are listed.","description_kind":"markdown","optional":true,"computed":true},"region":{"type":"string","description":"AWS region where the AMI exists.","description_kind":"markdown","required":true},"sync_deprecation":{"type":"bool","description":"Will sync the expiration date from the system into the AMI in AWS.","description_kind":"markdown","optional":true,"computed":true},"sync_tags":{"type":"bool","description":"Will sync the AWS tags from the source AMI into all the accounts where the AMI is shared.","description_kind":"markdown","optional":true,"computed":true}},"description_kind":"plain"}},"kion_app_api_key":{"version":0,"block":{"attributes":{"id":{"type":"string","description":"App API Key ID.","description_kind":"markdown","computed":true},"name":{"type":"string","description":"Name of the key in the application.","description_kind":"markdown","required":true}},"description_kind":"plain"}},"kion_app_config":{"version":0,"block":{"attributes":{"all_users_see_ou_names":{"type":"bool","description":"Indicates whether all users can see the names of OU's in the organization chart.","description_kind":"plain","optional":true,"computed":true},"allocation_mode":{"type":"bool","description":"Indicates if allocation mode is enabled in the application.","description_kind":"plain","optional":true,"computed":true},"allow_custom_permission_schemes":{"type":"bool","description":"Indicates whether custom permission schemes are allowed or not.","description_kind":"plain","optional":true,"computed":true},"app_api_key_creation_enabled":{"type":"bool","description":"Indicates if App API Key creation is enabled.","description_kind":"plain","optional":true,"computed":true},"app_api_key_lifespan":{"type":"number","description":"Indicates the lifespan of App API Keys in days.","description_kind":"plain","optional":true,"computed":true},"app_api_key_limit":{"type":"number","description":"Indicates the max amount of App API Keys per user.","description_kind":"plain","optional":true,"computed":true},"aws_access_key_creation_enabled":{"type":"bool","description":"Indicates whether AWS access keys creation is enabled.","description_kind":"plain","optional":true,"computed":true},"budget_mode":{"type":"bool","description":"Indicates if budget mode is enabled in the application.","description_kind":"plain","optional":true,"computed":true},"cloud_rule_group_ownership_only":{"type":"bool","description":"Indicates if cloud rules are restricted to User Group ownership only. Setting this to true will remove all users from cloud rules. This cannot be undone.","description_kind":"plain","optional":true,"computed":true},"cost_savings_allow_terminate":{"type":"bool","description":"Indicates whether resource termination is allowed in-app.","description_kind":"plain","optional":true,"computed":true},"cost_savings_enabled":{"type":"bool","description":"Indicates whether Cost Savings is enabled or not.","description_kind":"plain","optional":true,"computed":true},"cost_savings_post_token_life_hours":{"type":"number","description":"Post token life (hours) for Cloud Custodian webhook actions to execute.","description_kind":"plain","optional":true,"computed":true},"default_org_chart_view":{"type":"string","description":"Defines the default organization chart view.","description_kind":"plain","optional":true,"computed":true},"enforce_funding":{"type":"bool","description":"Indicates whether spend plans or budgets must be created on all projects.","description_kind":"plain","optional":true,"computed":true},"enforce_funding_sources":{"type":"bool","description":"Indicates whether every project should have a funding source.","description_kind":"plain","optional":true,"computed":true},"event_driven_enabled":{"type":"bool","description":"Indicates whether event driven is enabled or not.","description_kind":"plain","optional":true,"computed":true},"id":{"type":"string","description":"Static identifier for the app-config singleton.","description_kind":"plain","computed":true},"reserved_instances_enabled":{"type":"bool","description":"Indicates whether reserved instances are enabled or not.","description_kind":"plain","optional":true,"computed":true},"resource_inventory_enabled":{"type":"bool","description":"Indicates whether resource inventory is enabled or not.","description_kind":"plain","optional":true,"computed":true},"smtp_enabled":{"type":"bool","description":"Indicates whether SMTP is enabled or not.","description_kind":"plain","optional":true,"computed":true},"smtp_from":{"type":"string","description":"The SMTP from address.","description_kind":"plain","optional":true,"computed":true},"smtp_host":{"type":"string","description":"The SMTP host.","description_kind":"plain","optional":true,"computed":true},"smtp_password":{"type":"string","description":"The SMTP password.","description_kind":"plain","optional":true,"computed":true,"sensitive":true},"smtp_port":{"type":"number","description":"The SMTP port.","description_kind":"plain","optional":true,"computed":true},"smtp_skip_verify":{"type":"bool","description":"Indicates if the app should skip SMTP verification.","description_kind":"plain","optional":true,"computed":true},"smtp_username":{"type":"string","description":"The SMTP username.","description_kind":"plain","optional":true,"computed":true},"supported_aws_regions":{"type":["list","string"],"description":"The list of supported AWS regions.","description_kind":"plain","optional":true,"computed":true}},"description":"Manages the Kion App Config (workspace-wide application settings singleton).","description_kind":"plain"}},"kion_app_role":{"version":0,"block":{"attributes":{"disabled":{"type":"bool","description":"Whether the app role is disabled.","description_kind":"markdown","optional":true,"computed":true},"id":{"type":"string","description":"The ID of the app role.","description_kind":"markdown","computed":true},"name":{"type":"string","description":"Name of the app role.","description_kind":"markdown","optional":true,"computed":true},"system_managed":{"type":"bool","description":"Whether the app role is system-managed.","description_kind":"markdown","computed":true}},"description_kind":"plain"}},"kion_aws_account":{"version":1,"block":{"attributes":{"account_alias":{"type":"string","description":"Account alias is an optional short unique name that helps identify the account within Kion.","description_kind":"plain","optional":true},"account_number":{"type":"string","description":"The account number of the AWS account.  If account_number is provided, the existing account will be imported into Kion.  If account_number is omitted, a new account will be created.","description_kind":"plain","optional":true,"computed":true},"account_type_id":{"type":"number","description":"An ID representing the account type within Kion.","description_kind":"plain","optional":true,"computed":true},"car_external_id":{"type":"string","description":"The external ID used when assuming cloud access roles.","description_kind":"plain","computed":true},"commercial_account_name":{"type":"string","description":"The name used when creating new commercial account.","description_kind":"plain","optional":true},"create_govcloud":{"type":"bool","description":"True to create an AWS GovCloud account.","description_kind":"plain","optional":true},"created_at":{"type":"string","description_kind":"plain","computed":true},"email":{"type":"string","description":"The root email address to associate with a new account.  Required when creating a new account unless an account placeholder email has been set.","description_kind":"plain","optional":true,"computed":true},"gov_account_name":{"type":"string","description":"The name used when creating new GovCloud account.","description_kind":"plain","optional":true},"id":{"type":"number","description_kind":"plain","computed":true},"include_linked_account_spend":{"type":"bool","description":"True to associate spend from a linked GovCloud account with this account.","description_kind":"plain","optional":true,"computed":true},"labels":{"type":["map","string"],"description":"A map of labels to assign to the account. The labels must already exist in Kion.","description_kind":"plain","optional":true},"last_updated":{"type":"string","description_kind":"plain","optional":true,"computed":true},"linked_account_number":{"type":"string","description":"For AWS GovCloud accounts, this is the linked commercial account.  Otherwise this is empty.","description_kind":"plain","computed":true},"linked_role":{"type":"string","description":"The AWS organization service role.","description_kind":"plain","optional":true},"location":{"type":"string","description":"Where the account is attached. Either \"project\" or \"cache\".","description_kind":"plain","computed":true},"name":{"type":"string","description":"The name of the AWS account within Kion.","description_kind":"plain","required":true},"payer_id":{"type":"number","description":"The ID of the billing source containing billing data for this account.","description_kind":"plain","required":true},"project_id":{"type":"number","description":"The ID of the Kion project to place this account within. If empty, the account will be placed within the account cache.","description_kind":"plain","optional":true},"service_external_id":{"type":"string","description":"The external ID used for automated internal actions using the service role for this account.","description_kind":"plain","computed":true},"skip_access_checking":{"type":"bool","description":"True to skip periodic access checking on the account.","description_kind":"plain","optional":true,"computed":true},"start_datecode":{"type":"string","description":"Date when the AWS account will starting submitting payments against a funding source (YYYY-MM). Required if placing an account within a project.","description_kind":"plain","optional":true,"computed":true},"use_org_account_info":{"type":"bool","description":"True to keep the account name and email address in Kion in sync with the account name and email address as set in AWS Organization.","description_kind":"plain","optional":true,"computed":true}},"block_types":{"aws_organizational_unit":{"nesting_mode":"single","block":{"attributes":{"name":{"type":"string","description":"Name of the organizational unit in AWS.","description_kind":"plain","optional":true},"org_unit_id":{"type":"string","description":"OUID of the AWS Organization unit.","description_kind":"plain","optional":true}},"description":"Where to place this account within AWS Organization when creating an account.","description_kind":"plain"}},"move_project_settings":{"nesting_mode":"single","block":{"attributes":{"financials":{"type":"string","description":"One of \"move\" or \"preserve\".  If \"move\", financial history will be moved to the new project beginning on the date specified by the move_datecode parameter.  If \"preserve\", financial history will be preserved on the current project.","description_kind":"plain","optional":true},"move_datecode":{"type":"number","description":"The start date to use when moving financial data in YYYYMM format.  This only applies when financials is set to move.  If provided, only financial data from this date to the current month will be moved to the new project.  If omitted or 0, all financial data will be moved to the new project.","description_kind":"plain","optional":true}},"description":"Parameters used when moving an account between Kion projects.  These settings are ignored unless moving an account.","description_kind":"plain"}}},"description":"Creates or imports an AWS Account and adds it to a Kion project or the Kion account cache.\n\nIf `account_number` is provided, an existing account will be imported into Kion, otherwise a new AWS account will be created.  If `project_id` is provided the account will be added to the corresponding project, otherwise the account will be added to the account cache.\n\nOnce added, an account can be moved between projects or in and out of the account cache by changing the `project_id`.  When moving accounts between projects, use `move_project_settings` to control how financials will be treated between the old and new project.\n\n**NOTE:** This resource requires Kion v3.8.4 or greater.","description_kind":"plain"}},"kion_aws_cloudformation_template":{"version":1,"block":{"attributes":{"description":{"type":"string","description":"Description of the Cloudformation template in the application.","description_kind":"markdown","optional":true,"computed":true},"id":{"type":"string","description":"CloudFormation template ID.","description_kind":"markdown","computed":true},"name":{"type":"string","description":"Name of the Cloudformation template in the application.","description_kind":"markdown","required":true},"owner_user_group_ids":{"type":["list","number"],"description":"List of groups IDs who will own the CloudFormation template. Is required if no user IDs are listed.","description_kind":"markdown","optional":true,"computed":true},"owner_user_ids":{"type":["list","number"],"description":"List of user IDs who will own the CloudFormation template. Is required if no group IDs are listed.","description_kind":"markdown","optional":true,"computed":true},"policy":{"type":"string","description":"Body of the CloudFormation template in JSON or YAML.","description_kind":"markdown","required":true},"region":{"type":"string","description":"DEPRECATED! USE THE regions FIELD.\nAWS region where the CloudFormation template applies.","description_kind":"markdown","optional":true,"computed":true},"regions":{"type":["list","string"],"description":"List of the AWS regions where the CloudFormation template applies.","description_kind":"markdown","required":true},"sns_arns":{"type":"string","description":"List of comma separated AWS SNS ARNs that will trigger once the CFT is done applying.","description_kind":"markdown","optional":true,"computed":true},"tags":{"nested_type":{"attributes":{"tag_key":{"type":"string","description":"Key of the stack tag.","description_kind":"markdown","optional":true,"computed":true},"tag_value":{"type":"string","description":"Value of the stack tag.","description_kind":"markdown","optional":true,"computed":true}},"nesting_mode":"list"},"description":"AWS Stack Tags used in this role when accessing the AWS console.","description_kind":"markdown","optional":true,"computed":true},"template_parameters":{"type":"string","description":"List of CloudFormation parameters in a JSON array.","description_kind":"markdown","optional":true,"computed":true},"termination_protection":{"type":"bool","description":"Sets the termination protection status for this CFT.","description_kind":"markdown","optional":true,"computed":true}},"description_kind":"plain"}},"kion_aws_iam_policy":{"version":1,"block":{"attributes":{"aws_iam_path":{"type":"string","description":"Text of the IAM Path in AWS to be stored in AWS.","description_kind":"markdown","optional":true,"computed":true},"aws_managed_policy":{"type":"bool","description":"Whether this is an AWS-managed policy.","description_kind":"markdown","computed":true},"car_restricted":{"type":"bool","description":"True if the policy has been restricted for use by a subset of Users/UGroups on a Cloud Access Role.","description_kind":"markdown","optional":true,"computed":true},"car_restricted_user_group_ids":{"type":["list","number"],"description":"List of groups IDs who have been allowed to use the iam policy on Cloud Access Roles in the system.","description_kind":"markdown","optional":true,"computed":true},"car_restricted_user_ids":{"type":["list","number"],"description":"List of user IDs who have been allowed to use the iam policy on Cloud Access Roles in the system.","description_kind":"markdown","optional":true,"computed":true},"description":{"type":"string","description":"Description for the IAM policy in the application.","description_kind":"markdown","optional":true,"computed":true},"id":{"type":"string","description":"IAM policy ID.","description_kind":"markdown","computed":true},"last_updated":{"type":"string","description":"The last time this resource was updated.","description_kind":"markdown","optional":true,"computed":true},"name":{"type":"string","description":"Name of the IAM policy in the application.","description_kind":"markdown","required":true},"owner_user_group_ids":{"type":["list","number"],"description":"List of groups IDs who will own the iam policy. Is required if no owner user IDs are listed.","description_kind":"markdown","optional":true,"computed":true},"owner_user_ids":{"type":["list","number"],"description":"List of user IDs who will own the iam policy. Is required if no owner group IDs are listed.","description_kind":"markdown","optional":true,"computed":true},"path_suffix":{"type":"string","description":"The path suffix of the IAM policy.","description_kind":"markdown","computed":true},"policy":{"type":"string","description":"Text of the IAM policy in AWS to be stored in AWS.","description_kind":"markdown","required":true},"system_managed_policy":{"type":"bool","description":"Whether this is a system-managed policy.","description_kind":"markdown","computed":true}},"description_kind":"plain"}},"kion_aws_resource_tag":{"version":0,"block":{"attributes":{"id":{"type":"string","description":"The ID of the AWS Resource Tag.","description_kind":"markdown","computed":true},"resource_key":{"type":"string","description":"ResourceKey is the resource tag's key.","description_kind":"markdown","optional":true,"computed":true},"resource_value":{"type":"string","description":"ResourceValue is the resource tag's value.","description_kind":"markdown","optional":true,"computed":true}},"description_kind":"plain"}},"kion_azure_account":{"version":1,"block":{"attributes":{"account_alias":{"type":"string","description":"Alias of the account in the application.","description_kind":"markdown","optional":true,"computed":true},"account_name":{"type":"string","description":"Name of the account in the application.","description_kind":"markdown","required":true},"account_type_id":{"type":"number","description":"The Account Type ID is the corresponding account's type.\n3 - Azure CSP Standard\n6 - Azure EA\n7 - Azure EA Government\n8 - Azure CSP Standard Resource Group\n9 - Azure EA Resource Group\n10 - Azure EA Government Resource Group\n11 - Azure CSP Government\n12 - Azure CSP Government Resource Group\nWill default to 3 if not given.","description_kind":"markdown","optional":true,"computed":true},"id":{"type":"string","description":"Account ID.","description_kind":"markdown","computed":true},"payer_id":{"type":"number","description":"ID of the payer (aka Azure Tenant) where this subscription can be found","description_kind":"markdown","required":true},"project_id":{"type":"number","description":"ID of the project where the account is attached.","description_kind":"markdown","required":true},"skip_access_checking":{"type":"bool","description":"When true, the application does not perform periodic access validation. Default is false.","description_kind":"markdown","optional":true,"computed":true},"start_datecode":{"type":"string","description":"Date when the Azure subscription will begin submitting payments against a funding source (YYYY-MM)","description_kind":"markdown","required":true},"subscription_uuid":{"type":"string","description":"Azure Subscription UUID.","description_kind":"markdown","required":true}},"description_kind":"plain"}},"kion_azure_arm_template":{"version":1,"block":{"attributes":{"deployment_mode":{"type":"number","description":"Deployment mode for the ARM template.\nValid values are either 1 (\"incremental\") or 2 (\"complete\")","description_kind":"markdown","required":true},"description":{"type":"string","description":"A short description of the ARM template","description_kind":"markdown","optional":true,"computed":true},"id":{"type":"string","description":"Azure ARM Template ID.","description_kind":"markdown","computed":true},"name":{"type":"string","description":"The name of the ARM template definition in cloudtamer.io","description_kind":"markdown","required":true},"owner_user_group_ids":{"type":["list","number"],"description":"List of groups IDs who will own the Azure ARM template. Is required if no user IDs are listed.","description_kind":"markdown","optional":true,"computed":true},"owner_user_ids":{"type":["list","number"],"description":"List of user IDs who will own the Azure ARM template. Is required if no group IDs are listed.","description_kind":"markdown","optional":true,"computed":true},"resource_group_name":{"type":"string","description":"Name of the resource group where these resources should be deployed","description_kind":"markdown","required":true},"resource_group_region_id":{"type":"number","description":"Database ID of the Azure region where the ARM template should be deployed","description_kind":"markdown","required":true},"template":{"type":"string","description":"Contents of the ARM template to be deployed.","description_kind":"markdown","required":true},"template_parameters":{"type":"string","description":"Parameters to fill for the template. Should be the contents of the \"properties\" attribute on the traditional payload.","description_kind":"markdown","optional":true,"computed":true}},"description_kind":"plain"}},"kion_azure_policy":{"version":1,"block":{"attributes":{"azure_policy":{"nested_type":{"attributes":{"description":{"type":"string","description":"The human-readable description of the policy","description_kind":"markdown","optional":true,"computed":true},"name":{"type":"string","description":"Human-readable name of the Azure Policy Definition","description_kind":"markdown","required":true},"parameters":{"type":"string","description":"The parameters for the policy","description_kind":"markdown","optional":true,"computed":true},"policy":{"type":"string","description":"The JSON for the policy","description_kind":"markdown","required":true}},"nesting_mode":"single"},"description":"AzurePolicyDefinitionCreate represents an create Azure Policy Definition, complete with the policy itself and its parameters.","description_kind":"markdown","optional":true,"computed":true},"id":{"type":"string","description":"ID.","description_kind":"markdown","computed":true},"owner_user_groups":{"type":["list","number"],"description":"List of user group IDs that will be owners of the azure policy.","description_kind":"markdown","optional":true,"computed":true},"owner_users":{"type":["list","number"],"description":"List of user IDs that will be owners of the azure policy.","description_kind":"markdown","optional":true,"computed":true}},"description_kind":"plain"}},"kion_azure_role":{"version":1,"block":{"attributes":{"car_restricted_user_group_ids":{"type":["list","number"],"description":"List of groups IDs who have been allowed to use the Azure Role on Cloud Access Roles in the system.","description_kind":"markdown","optional":true,"computed":true},"car_restricted_user_ids":{"type":["list","number"],"description":"List of user IDs who have been allowed to use the Azure Role on Cloud Access Roles in the system.","description_kind":"markdown","optional":true,"computed":true},"description":{"type":"string","description":"Description for the Azure Role in the application.","description_kind":"markdown","optional":true,"computed":true},"id":{"type":"string","description":"Azure Role ID.","description_kind":"markdown","computed":true},"name":{"type":"string","description":"Name of the Azure Role in the application.","description_kind":"markdown","required":true},"owner_user_group_ids":{"type":["list","number"],"description":"List of group IDs who will own the Azure Role. Is required if no owner user IDs are listed.","description_kind":"markdown","optional":true,"computed":true},"owner_user_ids":{"type":["list","number"],"description":"List of user IDs who will own the Azure Role. Is required if no owner group IDs are listed.","description_kind":"markdown","optional":true,"computed":true},"role_permissions":{"type":"string","description":"Text of the permissions section of the created Azure Role Definition.","description_kind":"markdown","required":true}},"description_kind":"plain"}},"kion_billing_rule":{"version":0,"block":{"attributes":{"billing_source_ids":{"type":["list","number"],"description":"List of Billing Source IDs attached to the billing rule.","description_kind":"markdown","required":true},"description":{"type":"string","description":"Description of the billing rule. The description can be up to 1024 characters long.","description_kind":"markdown","required":true},"end_month":{"type":"number","description":"End month of the billing rule. This must be in the format YYYYMM where 202501 represents January 2025.\nThe end month is exclusive, e.g. if you want the rule to end in January 2025, send a value of 202502.\nOmit if the end month should be \"Never Ends\". If included, the value must be after the start month.","description_kind":"markdown","optional":true,"computed":true},"id":{"type":"string","description":"Billing Rule ID.","description_kind":"markdown","computed":true},"name":{"type":"string","description":"Name of the billing rule. The name can be up to 255 characters long.","description_kind":"markdown","required":true},"rule_type":{"type":"number","description":"Type of the billing rule. The allowed values are:\n\n1 - Rate Conversion\n2 - Markup\n3 - Discount","description_kind":"markdown","required":true},"rule_value":{"type":"number","description":"The Value of the Billing Rule.\n\nThis is handled differently based on the Type of Billing Rules. For instance:\n\nFor a 5% markup, the value would be 5.0\nFor a 10% discount, the value would be 10.0\nFor a 1.214 currency conversion, the value would be 1.214","description_kind":"markdown","required":true},"start_month":{"type":"number","description":"Start month of the billing rule. This must be in the format YYYYMM where 202501 represents January 2025.","description_kind":"markdown","required":true}},"description_kind":"plain"}},"kion_billing_source":{"version":0,"block":{"attributes":{"aws_connection":{"nested_type":{"attributes":{"account_number":{"type":"string","description":"The AWS Account Number that holds FOCUS financial data for the custom provider.","description_kind":"markdown","optional":true,"computed":true},"bucket_access_role":{"type":"string","description":"The role name that has access to the listed account number.","description_kind":"markdown","optional":true,"computed":true},"storage_bucket":{"type":"string","description":"Storage bucket where the custom provider's financial data is stored.","description_kind":"markdown","optional":true,"computed":true},"storage_prefix":{"type":"string","description":"Storage prefix inside the billing report bucket where the custom provider's financial data is stored.","description_kind":"markdown","optional":true,"computed":true},"storage_region":{"type":"string","description":"Storage region where the custom provider's financial data is stored.","description_kind":"markdown","optional":true,"computed":true}},"nesting_mode":"single"},"description_kind":"plain","optional":true,"computed":true},"billing_start_date":{"type":"string","description":"Start date of billing source (YYYY-MM).","description_kind":"markdown","optional":true,"computed":true},"id":{"type":"string","description":"ID of the billing source.","description_kind":"markdown","computed":true},"name":{"type":"string","description":"Name of the billing source.","description_kind":"markdown","optional":true,"computed":true},"skip_validation":{"type":"bool","description":"When true, will skip validating the connection to defined bucket.","description_kind":"markdown","optional":true,"computed":true}},"description_kind":"plain"}},"kion_budget":{"version":0,"block":{"attributes":{"amount":{"type":"number","description":"Total amount for the budget. This is required if data is not specified.\nBudget entries are created between start_datecode and end_datecode (exclusive)\nwith the amount evenly distributed across the months.","description_kind":"markdown","optional":true,"computed":true},"end_datecode":{"type":"string","description":"Year and month the budget ends. This is an exclusive date.","description_kind":"markdown","required":true},"funding_source_ids":{"type":["list","number"],"description":"Optional funding source IDs to use when data is not specified.\nThis value is ignored is data is specified.\nIf specified, the amount is distributed evenly across months and funding sources.\nFunding sources will be processed in order from first to last.","description_kind":"markdown","optional":true,"computed":true},"id":{"type":"string","description":"Budget ID.","description_kind":"markdown","computed":true},"ou_id":{"type":"number","description":"ID of OU this budget is attached to. Required for OU thresholds.","description_kind":"markdown","optional":true,"computed":true},"project_id":{"type":"number","description":"ID of project this budget is attached to. Required for project budgets.","description_kind":"markdown","optional":true,"computed":true},"start_datecode":{"type":"string","description":"Year and month the budget starts.","description_kind":"markdown","required":true}},"description_kind":"plain"}},"kion_category":{"version":0,"block":{"attributes":{"description":{"type":"string","description":"Category description.","description_kind":"markdown","optional":true,"computed":true},"id":{"type":"string","description":"Category ID.","description_kind":"markdown","computed":true},"name":{"type":"string","description":"Category name.","description_kind":"markdown","required":true},"payer_id":{"type":"number","description":"Payer ID of related Payer of the category in the application.","description_kind":"markdown","optional":true,"computed":true}},"description_kind":"plain"}},"kion_cft":{"version":1,"block":{"attributes":{"description":{"type":"string","description":"Description of the Cloudformation template in the application.","description_kind":"markdown","optional":true,"computed":true},"id":{"type":"string","description":"CloudFormation template ID.","description_kind":"markdown","computed":true},"name":{"type":"string","description":"Name of the Cloudformation template in the application.","description_kind":"markdown","required":true},"owner_user_group_ids":{"type":["list","number"],"description":"List of groups IDs who will own the CloudFormation template. Is required if no user IDs are listed.","description_kind":"markdown","optional":true,"computed":true},"owner_user_ids":{"type":["list","number"],"description":"List of user IDs who will own the CloudFormation template. Is required if no group IDs are listed.","description_kind":"markdown","optional":true,"computed":true},"policy":{"type":"string","description":"Body of the CloudFormation template in JSON or YAML.","description_kind":"markdown","required":true},"region":{"type":"string","description":"DEPRECATED! USE THE regions FIELD.\nAWS region where the CloudFormation template applies.","description_kind":"markdown","optional":true,"computed":true},"regions":{"type":["list","string"],"description":"List of the AWS regions where the CloudFormation template applies.","description_kind":"markdown","required":true},"sns_arns":{"type":"string","description":"List of comma separated AWS SNS ARNs that will trigger once the CFT is done applying.","description_kind":"markdown","optional":true,"computed":true},"tags":{"nested_type":{"attributes":{"tag_key":{"type":"string","description":"Key of the stack tag.","description_kind":"markdown","optional":true,"computed":true},"tag_value":{"type":"string","description":"Value of the stack tag.","description_kind":"markdown","optional":true,"computed":true}},"nesting_mode":"list"},"description":"AWS Stack Tags used in this role when accessing the AWS console.","description_kind":"markdown","optional":true,"computed":true},"template_parameters":{"type":"string","description":"List of CloudFormation parameters in a JSON array.","description_kind":"markdown","optional":true,"computed":true},"termination_protection":{"type":"bool","description":"Sets the termination protection status for this CFT.","description_kind":"markdown","optional":true,"computed":true}},"description_kind":"plain"}},"kion_cloud_rule":{"version":1,"block":{"attributes":{"automation_policy_ids":{"type":["list","number"],"description":"List of Automation Policies attached to the Cloud Rule","description_kind":"markdown","optional":true,"computed":true},"azure_arm_template_definition_ids":{"type":["list","number"],"description":"List of Azure ARM template definition IDs to attach to the Cloud Rule.","description_kind":"markdown","optional":true,"computed":true},"azure_policy_definition_ids":{"type":["list","number"],"description":"List of Azure Policy IDs to attach to the Cloud Rule.","description_kind":"markdown","optional":true,"computed":true},"azure_role_definition_ids":{"type":["list","number"],"description":"List of Azure Role Definition IDs to attach to the Cloud Rule.","description_kind":"markdown","optional":true,"computed":true},"built_in":{"type":"bool","description":"Whether the cloud rule is built in.","description_kind":"markdown","computed":true},"cft_ids":{"type":["list","number"],"description":"List of CloudFormation template IDs to attach to the Cloud Rule.","description_kind":"markdown","optional":true,"computed":true},"compliance_standard_ids":{"type":["list","number"],"description":"List of Compliance Standards attached to the Cloud Rule","description_kind":"markdown","optional":true,"computed":true},"concurrent_cft_sync":{"type":"bool","description":"Whether to run CFTs concurrently or not.\nIf true, the application will deploy all templates at once in any order. (Faster)\nIf false, the application will deploy each template in order and wait for completion before advancing to the next. (Slower)","description_kind":"markdown","optional":true,"computed":true},"description":{"type":"string","description":"Description of the Cloud Rule in more detail.","description_kind":"markdown","optional":true,"computed":true},"gcp_iam_role_ids":{"type":["list","number"],"description":"List of Google Cloud IAM role IDs to attach to the Cloud Rule.","description_kind":"markdown","optional":true,"computed":true},"iam_policy_ids":{"type":["list","number"],"description":"List of IAM Policy IDs to attach to the Cloud Rule.","description_kind":"markdown","optional":true,"computed":true},"id":{"type":"string","description":"Cloud Rule ID.","description_kind":"markdown","computed":true},"internal_ami_ids":{"type":["list","number"],"description":"List of AMIs to attach to the Cloud Rule.","description_kind":"markdown","optional":true,"computed":true},"internal_portfolio_ids":{"type":["list","number"],"description":"List of Service Catalog Portfolio IDs attached to the Cloud Rule.","description_kind":"markdown","optional":true,"computed":true},"labels":{"type":["map","string"],"description":"The labels applied to the cloud rule.","description_kind":"markdown","optional":true,"computed":true},"last_updated":{"type":"string","description":"The last time this resource was updated.","description_kind":"markdown","optional":true,"computed":true},"name":{"type":"string","description":"Name of the Cloud Rule in the application.","description_kind":"markdown","required":true},"ou_ids":{"type":["list","number"],"description":"List of OUs where the Cloud Rule will be applied.","description_kind":"markdown","optional":true,"computed":true},"owner_user_group_ids":{"type":["list","number"],"description":"List of groups that own the Cloud Rule.","description_kind":"markdown","optional":true,"computed":true},"owner_user_ids":{"type":["list","number"],"description":"List of users that own the Cloud Rule.","description_kind":"markdown","optional":true,"computed":true},"post_webhook_id":{"type":"number","description":"ID of a post-rule webhook to attach to the Cloud Rule.","description_kind":"markdown","optional":true,"computed":true},"pre_webhook_id":{"type":"number","description":"ID of a pre-rule webhook to attach to the Cloud Rule.","description_kind":"markdown","optional":true,"computed":true},"project_ids":{"type":["list","number"],"description":"List of projects where the Cloud Rule will be applied.","description_kind":"markdown","optional":true,"computed":true},"service_control_policy_ids":{"type":["list","number"],"description":"List of Service Control Policies attached to the Cloud Rule","description_kind":"markdown","optional":true,"computed":true},"source":{"type":"string","description":"Filters results to only return Cloud Rules from a given source\n\nExample\\: user, action_plan, enforcement, funding_source","description_kind":"markdown","optional":true,"computed":true}},"description_kind":"plain"}},"kion_compliance_check":{"version":1,"block":{"attributes":{"azure_policy_id":{"type":"number","description":"AzurePolicyID refers to the ID of the Azure Policy in cloudtamer.io which will be deployed and scraped to determine\ncompliance status of Azure resources. Should only be provided for Azure Policy checks.","description_kind":"markdown","optional":true,"computed":true},"body":{"type":"string","description":"TODO: add a valid example here\nBody of the Compliance Check defining what actions will be run.","description_kind":"markdown","optional":true,"computed":true},"cloud_provider_id":{"type":"number","description":"CloudProviderID for the Compliance Check in the application. Must be \"2\" for Azure Policy checks.\n1 - AWS.\n2 - Microsoft.","description_kind":"markdown","required":true},"compliance_check_type_id":{"type":"number","description":"ComplianceCheckTypeID for the Compliance Check in the application.\n1 - External. These checks are not triggered by cloudtamer.io, but rather can display findings from checks run outside of cloudtamer.io.\n2 - Cloud Custodian. These checks are run by cloudtamer.io using Cloud Custodian.\n3 - Azure Policy. These checks are scraped from Azure's policy reporting engine and apply Azure Policies to accounts.","description_kind":"markdown","required":true},"compliance_control_ids":{"type":["list","number"],"description":"List of Compliance Control IDs to which this Compliance Check is linked.","description_kind":"markdown","optional":true,"computed":true},"compliance_standard_id":{"type":"number","description":"ComplianceStandardID is an optional field for which compliance standard the created check should be associated with.","description_kind":"markdown","optional":true,"computed":true},"created_at":{"type":"string","description":"When the compliance check was created.","description_kind":"markdown","computed":true},"created_by_user_id":{"type":"number","description":"CreatedByUserID refers to the User in the application who created the Compliance Check. Will be the requesting User's ID if not specified.","description_kind":"markdown","optional":true,"computed":true},"ct_managed":{"type":"bool","description":"Whether the compliance check is managed by Kion.","description_kind":"markdown","computed":true},"description":{"type":"string","description":"Description for the Compliance Check in the application.","description_kind":"markdown","optional":true,"computed":true},"frequency_minutes":{"type":"number","description":"FrequencyMinutes defines how often the check will be run. Is required if check type is Cloud Custodian or Azure Policy.","description_kind":"markdown","optional":true,"computed":true},"frequency_type_id":{"type":"number","description":"FrequencyTypeID refers to the duration type of the frequency it will be checked. Is required if check type is Cloud Custodian or Azure Policy.\n2 - minutes\n3 - hours\n4 - days","description_kind":"markdown","optional":true,"computed":true},"id":{"type":"string","description":"Compliance Check ID.","description_kind":"markdown","computed":true},"is_all_regions":{"type":"bool","description":"IsAllRegions determines if the check should be applied to all regions applied on the system","description_kind":"markdown","optional":true,"computed":true},"is_auto_archived":{"type":"bool","description":"IsAutoArchived defines whether existing findings should be archived before new findings are reported.","description_kind":"markdown","optional":true,"computed":true},"last_scan_id":{"type":"number","description":"The ID of the most recent scan.","description_kind":"markdown","computed":true},"last_updated":{"type":"string","description":"The last time this resource was updated.","description_kind":"markdown","optional":true,"computed":true},"name":{"type":"string","description":"Name of the Compliance Check in the application.","description_kind":"markdown","required":true},"owner_user_group_ids":{"type":["list","number"],"description":"List of groups IDs who will own the Compliance Check. Is required if no owner user IDs are listed.","description_kind":"markdown","optional":true,"computed":true},"owner_user_ids":{"type":["list","number"],"description":"List of user IDs who will own the Compliance Check. Is required if no owner group IDs are listed.","description_kind":"markdown","optional":true,"computed":true},"regions":{"type":["list","string"],"description":"List of the AWS regions where the compliance check applies. Required when check type id is cloud custodian.","description_kind":"markdown","optional":true,"computed":true},"severity_type_id":{"type":"number","description":"SeverityTypeID for the severity level of the compliance check\n1 - Informational.\n2 - Low.\n3 - Medium (Default).\n4 - High.","description_kind":"markdown","optional":true,"computed":true}},"description_kind":"plain"}},"kion_compliance_control":{"version":0,"block":{"attributes":{"arm_template_definition_ids":{"type":["list","number"],"description":"ARMTemplateDefinitionIDs is a set of ARM template ids applied to the control.","description_kind":"markdown","optional":true,"computed":true},"aws_cloudformation_policy_ids":{"type":["list","number"],"description":"AWSCloudformationPolicyIDs is a set of AWS cloudformation policy ids applied to the control.","description_kind":"markdown","optional":true,"computed":true},"azure_policy_definition_ids":{"type":["list","number"],"description":"AzurePolicyDefinitionIDs is a set of Azure policy ids applied to the control.","description_kind":"markdown","optional":true,"computed":true},"cloud_provider_policy_ids":{"type":["list","number"],"description":"CloudProviderPolicyIDs is a set of cloud provider policy ids applied to the control.","description_kind":"markdown","optional":true,"computed":true},"compliance_check_ids":{"type":["list","number"],"description":"ComplianceCheckIDs is a set of compliance check ids applied to the control.","description_kind":"markdown","optional":true,"computed":true},"compliance_family_id":{"type":"number","description":"Description for the compliance control in the application.","description_kind":"markdown","optional":true,"computed":true},"compliance_levels":{"type":["list","number"],"description":"ComplianceLevels is a set of levels to which the control belongs.","description_kind":"markdown","optional":true,"computed":true},"control_number":{"type":"number","description":"ControlNumber of the compliance control in the application.","description_kind":"markdown","optional":true,"computed":true},"description":{"type":"string","description":"Description for the compliance control in the application.","description_kind":"markdown","optional":true,"computed":true},"id":{"type":"string","description":"ID of the compliance control in the application.","description_kind":"markdown","computed":true},"name":{"type":"string","description":"Name of the compliance control in the application.","description_kind":"markdown","optional":true,"computed":true},"program_id":{"type":"number","description":"ID of the compliance program the control belongs to (used to scope delete).","description_kind":"markdown","required":true},"severity":{"type":"string","description":"Severity for the compliance control in the application.","description_kind":"markdown","optional":true,"computed":true},"title":{"type":"string","description":"Title for the compliance control in the application.","description_kind":"markdown","optional":true,"computed":true}},"description_kind":"plain"}},"kion_compliance_family":{"version":0,"block":{"attributes":{"compliance_program_id":{"type":"number","description":"ComplianceProgramID of the compliance family.","description_kind":"markdown","required":true},"description":{"type":"string","description":"Description for the compliance family in the application.","description_kind":"markdown","optional":true,"computed":true},"id":{"type":"string","description":"compliance family ID.","description_kind":"markdown","computed":true},"name":{"type":"string","description":"Name of the compliance family in the application.","description_kind":"markdown","required":true}},"description_kind":"plain"}},"kion_compliance_level":{"version":0,"block":{"attributes":{"compliance_program_id":{"type":"number","description":"ComplianceProgramID of the compliance level.","description_kind":"markdown","required":true},"description":{"type":"string","description":"Description for the compliance level in the application.","description_kind":"markdown","optional":true,"computed":true},"id":{"type":"string","description":"compliance level ID.","description_kind":"markdown","computed":true},"name":{"type":"string","description":"Name of the compliance level in the application.","description_kind":"markdown","required":true}},"description_kind":"plain"}},"kion_compliance_program":{"version":0,"block":{"attributes":{"description":{"type":"string","description":"Description for the Compliance Program in the application.","description_kind":"markdown","optional":true,"computed":true},"grouping_type":{"type":"string","description":"GroupType of the Compliance Program in the application.","description_kind":"markdown","optional":true,"computed":true},"id":{"type":"string","description":"compliance program ID.","description_kind":"markdown","computed":true},"name":{"type":"string","description":"Name of the Compliance Program in the application.\nThis is the proper name of the program meant for formal page/card/document titles in the UI.","description_kind":"markdown","required":true},"terse_name":{"type":"string","description":"TerseName of the Compliance Program in the application.\nThis is a concise name meant for easy identification and small UI spaces like program icons.","description_kind":"markdown","optional":true,"computed":true},"verbose_name":{"type":"string","description":"VerboseName of the Compliance Program in the application.\nThis is a more detailed program name meant to suppliment the Name or TerseName in specific contexts.","description_kind":"markdown","optional":true,"computed":true},"version":{"type":"string","description":"Version of the Compliance Program in the application.","description_kind":"markdown","required":true}},"description_kind":"plain"}},"kion_compliance_standard":{"version":1,"block":{"attributes":{"cloud_rule_id":{"type":"number","description":"Cloud Rule ID the Compliance Standard should be added to","description_kind":"markdown","optional":true,"computed":true},"compliance_check_ids":{"type":["list","number"],"description":"List of compliance checks associated with the compliance standard","description_kind":"markdown","optional":true,"computed":true},"created_at":{"type":"string","description":"When the compliance standard was created.","description_kind":"markdown","computed":true},"created_by_user_id":{"type":"number","description":"CreatedByUserID refers to the User in the application who created the Compliance Standard","description_kind":"markdown","required":true},"ct_managed":{"type":"bool","description":"Whether the compliance standard is managed by Kion.","description_kind":"markdown","computed":true},"description":{"type":"string","description":"Description for the Compliance Standard in the application.","description_kind":"markdown","optional":true,"computed":true},"id":{"type":"string","description":"Compliance Standard ID.","description_kind":"markdown","computed":true},"last_updated":{"type":"string","description":"The last time this resource was updated.","description_kind":"markdown","optional":true,"computed":true},"name":{"type":"string","description":"Name of the Compliance Standard in the application.","description_kind":"markdown","required":true},"owner_user_group_ids":{"type":["list","number"],"description":"List of groups IDs who will own the Compliance Standard. Is required if no owner user IDs are listed.","description_kind":"markdown","optional":true,"computed":true},"owner_user_ids":{"type":["list","number"],"description":"List of user IDs who will own the Compliance Standard. Is required if no owner group IDs are listed.","description_kind":"markdown","optional":true,"computed":true}},"description_kind":"plain"}},"kion_custom_account":{"version":1,"block":{"attributes":{"account_alias":{"type":"string","description":"Alias of the account in the application.","description_kind":"markdown","optional":true,"computed":true},"account_name":{"type":"string","description":"The name of the account as it will appear in the application.","description_kind":"markdown","required":true},"account_number":{"type":"string","description":"The account number or identifier for the custom account.","description_kind":"markdown","required":true},"id":{"type":"string","description":"Account ID.","description_kind":"markdown","computed":true},"payer_id":{"type":"number","description":"The ID of the payer to link the account to.","description_kind":"markdown","required":true},"project_id":{"type":"number","description":"The ID of the project to link the account to.","description_kind":"markdown","required":true},"start_datecode":{"type":"string","description":"The start date that the account's spend accrues against the linked project.","description_kind":"markdown","required":true}},"description_kind":"plain"}},"kion_custom_variable":{"version":1,"block":{"attributes":{"default_value_list":{"type":["list","string"],"description":"Default value when the custom variable type is list.","description_kind":"markdown","optional":true},"default_value_map":{"type":["map","string"],"description":"Default value when the custom variable type is map.","description_kind":"markdown","optional":true},"default_value_string":{"type":"string","description":"Default value when the custom variable type is string.","description_kind":"markdown","optional":true},"description":{"type":"string","description":"Description is the description of the custom variable. The description can be up to 1024 characters.","description_kind":"markdown","optional":true,"computed":true},"id":{"type":"string","description":"Custom variable id.","description_kind":"markdown","computed":true},"key_validation_message":{"type":"string","description":"KeyValidationMessage is the message displayed when the custom variable key(s) do not match the regular expression.\nThe key validation message can be up to 255 characters.","description_kind":"markdown","optional":true,"computed":true},"key_validation_regex":{"type":"string","description":"KeyValidationRegex is the regular expression used to validate the custom variable key(s) within the map custom\nvariable type. The key validation regex can be up to 255 characters.","description_kind":"markdown","optional":true,"computed":true},"last_updated":{"type":"string","description":"The last time this resource was updated.","description_kind":"markdown","optional":true,"computed":true},"name":{"type":"string","description":"Name is the name of the custom variable. The name can be up to 255 characters.","description_kind":"markdown","optional":true,"computed":true},"owner_user_group_ids":{"type":["list","number"],"description":"OwnerUGroupIDs is the list of user group IDs who will own the custom variable.","description_kind":"markdown","optional":true,"computed":true},"owner_user_ids":{"type":["list","number"],"description":"OwnerUserIDs is the list of user IDs who will own the custom variable.","description_kind":"markdown","optional":true,"computed":true},"type":{"type":"string","description":"Type is the type of the custom variable. The supported types are string, list, and map.","description_kind":"markdown","optional":true,"computed":true},"value_validation_message":{"type":"string","description":"ValueValidationMessage is the message displayed when the custom variable value(s) do not match the regular expression.\nThe validation message can be up to 255 characters.","description_kind":"markdown","optional":true,"computed":true},"value_validation_regex":{"type":"string","description":"ValueValidationRegex is the regular expression used to validate the custom variable value(s).\nThe validation regex can be up to 255 characters.","description_kind":"markdown","optional":true,"computed":true}},"description_kind":"plain"}},"kion_custom_variable_override":{"version":0,"block":{"attributes":{"custom_variable_id":{"type":"string","description":"The ID of the custom variable.","description_kind":"plain","required":true},"entity_id":{"type":"string","description":"The ID of the entity.","description_kind":"plain","required":true},"entity_type":{"type":"string","description":"The type of the entity.","description_kind":"plain","required":true},"id":{"type":"string","description":"The ID of the Custom Variable Override.","description_kind":"plain","computed":true},"last_updated":{"type":"string","description":"The last time this resource was updated.","description_kind":"plain","optional":true,"computed":true},"value_list":{"type":["list","string"],"description":"The value of the custom variable override as a list.","description_kind":"plain","optional":true},"value_map":{"type":["map","string"],"description":"The value of the custom variable override as a map.","description_kind":"plain","optional":true},"value_string":{"type":"string","description":"The value of the custom variable override as a string.","description_kind":"plain","optional":true}},"description":"Manages a Kion Custom Variable Override.","description_kind":"plain"}},"kion_dashboard":{"version":0,"block":{"attributes":{"config":{"type":"string","description":"JSON configuration (cards","description_kind":"markdown","optional":true,"computed":true},"created_at":{"type":"string","description":"When the dashboard was created.","description_kind":"markdown","computed":true},"created_by_user_id":{"type":"number","description":"ID of the user who created the dashboard.","description_kind":"markdown","computed":true},"description":{"type":"string","description":"Description of the dashboard.","description_kind":"markdown","optional":true,"computed":true},"id":{"type":"string","description_kind":"plain","computed":true},"is_default":{"type":"bool","description":"Whether this is the default dashboard.","description_kind":"markdown","optional":true,"computed":true},"name":{"type":"string","description":"Name of the dashboard.","description_kind":"markdown","optional":true,"computed":true},"updated_at":{"type":"string","description":"When the dashboard was last updated.","description_kind":"markdown","computed":true}},"description_kind":"plain"}},"kion_funding_source":{"version":1,"block":{"attributes":{"amount":{"type":"number","description":"Amount of the funding source.","description_kind":"markdown","required":true},"description":{"type":"string","description":"Description for the funding source in the application.","description_kind":"markdown","optional":true,"computed":true},"end_datecode":{"type":"string","description":"The month this funding source stops being usable - this is exclusive of the date returned (YYYY-MM).","description_kind":"markdown","required":true},"id":{"type":"string","description":"Funding source ID.","description_kind":"markdown","computed":true},"name":{"type":"string","description":"Name of the funding source in the application.","description_kind":"markdown","required":true},"ou_id":{"type":"number","description":"ID of the top level OU that will receive the funding from this funding source.","description_kind":"markdown","optional":true,"computed":true},"owner_user_group_ids":{"type":["list","number"],"description":"List of groups IDs who will own the funding source. Is required if no owner user IDs are listed.","description_kind":"markdown","optional":true,"computed":true},"owner_user_ids":{"type":["list","number"],"description":"List of user IDs who will own the funding source. Is required if no owner group IDs are listed.","description_kind":"markdown","optional":true,"computed":true},"permission_scheme_id":{"type":"number","description":"ID of the permission scheme applied to the funding source.","description_kind":"markdown","required":true},"start_datecode":{"type":"string","description":"The month this funding source starts being usable (YYYY-MM).","description_kind":"markdown","required":true}},"description_kind":"plain"}},"kion_funding_source_enforcement":{"version":0,"block":{"attributes":{"cloud_rule_id":{"type":"number","description":"Optional ID of cloud rule that is attached to the enforcement.\nUse endpoint /v3/cloud-rule to get a list of valid cloud rules and IDs.","description_kind":"markdown","optional":true,"computed":true},"description":{"type":"string","description":"Optional, user-provided description of the enforcement.","description_kind":"markdown","optional":true,"computed":true},"enabled":{"type":"bool","description":"Whether the enforcement is enabled.","description_kind":"markdown","optional":true,"computed":true},"funding_source_id":{"type":"number","description":"The ID of the funding source the enforcement belongs to.","description_kind":"markdown","required":true},"id":{"type":"string","description":"Funding source ID.","description_kind":"markdown","computed":true},"overburn":{"type":"bool","description":"Flag that specifies if enforcement will place project in a overburn state when triggered. Options are: true, false.","description_kind":"markdown","optional":true,"computed":true},"spend_option":{"type":"string","description":"Type of spend option.\nValid values are \"spend\", \"remaining\".","description_kind":"markdown","optional":true,"computed":true},"threshold":{"type":"number","description":"Threshold value in dollars.","description_kind":"markdown","required":true},"timeframe":{"type":"string","description":"Timeframe of the enforcement.\nValid values are \"lifetime\", \"month\", \"year\"","description_kind":"markdown","required":true},"triggered":{"type":"bool","description":"Whether the enforcement has been triggered.","description_kind":"markdown","computed":true},"ugroup_ids":{"type":["list","number"],"description":"List of user group IDs that will receive notifications from the enforcement. Is required if no user IDs are listed.","description_kind":"markdown","optional":true,"computed":true},"user_ids":{"type":["list","number"],"description":"List of user IDs that will receive notifications from the enforcement. Is required if no user group IDs are listed.","description_kind":"markdown","optional":true,"computed":true}},"description_kind":"plain"}},"kion_funding_source_note":{"version":0,"block":{"attributes":{"funding_source_id":{"type":"number","description":"ID of the funding source the note belongs to.","description_kind":"markdown","optional":true,"computed":true},"id":{"type":"string","description_kind":"plain","computed":true},"name":{"type":"string","description":"Name of the note.","description_kind":"markdown","optional":true,"computed":true},"text":{"type":"string","description":"Body text of the note.","description_kind":"markdown","optional":true,"computed":true}},"description_kind":"plain"}},"kion_funding_source_permission_mapping":{"version":0,"block":{"attributes":{"app_role_id":{"type":"number","description":"The ID of the app role.","description_kind":"markdown","required":true},"funding_source_id":{"type":"number","description":"The ID of the funding source.","description_kind":"markdown","required":true},"id":{"type":"string","description":"The synthetic ID of the mapping.","description_kind":"markdown","computed":true},"user_groups_ids":{"type":["set","number"],"description":"The IDs of the user groups in the mapping.","description_kind":"markdown","required":true},"user_ids":{"type":["set","number"],"description":"The IDs of the users in the mapping.","description_kind":"markdown","required":true}},"description_kind":"plain"}},"kion_gcp_account":{"version":1,"block":{"attributes":{"account_alias":{"type":"string","description":"Alias of the account in the application.","description_kind":"markdown","optional":true,"computed":true},"account_name":{"type":"string","description":"Name of the account in the application.","description_kind":"markdown","required":true},"account_type_id":{"type":"number","description":"The AccountTypeID is the corresponding account's type.\nWill default to 15 for GCP if not given.","description_kind":"markdown","optional":true,"computed":true},"google_cloud_project_id":{"type":"string","description":"Google Cloud Project ID.\nCan be found in the project id field here: https://console.cloud.google.com/iam-admin/settings","description_kind":"markdown","required":true},"id":{"type":"string","description":"Account ID.","description_kind":"markdown","computed":true},"payer_id":{"type":"number","description":"ID of the payer (aka Google Cloud Billing Account)","description_kind":"markdown","required":true},"project_id":{"type":"number","description":"ID of the project where the account is attached.","description_kind":"markdown","required":true},"skip_access_checking":{"type":"bool","description":"When true, the application does not perform periodic access validation. Default is false.","description_kind":"markdown","optional":true,"computed":true},"start_datecode":{"type":"string","description":"Date when the GCP org will begin submitting payments against a funding source (YYYY-MM)","description_kind":"markdown","required":true}},"description_kind":"plain"}},"kion_gcp_iam_role":{"version":1,"block":{"attributes":{"car_restricted_user_group_ids":{"type":["list","number"],"description":"List of groups IDs who have been allowed to use the GCP Role on Cloud Access Roles in the system.","description_kind":"markdown","optional":true,"computed":true},"car_restricted_user_ids":{"type":["list","number"],"description":"List of user IDs who have been allowed to use the GCP Role on Cloud Access Roles in the system.","description_kind":"markdown","optional":true,"computed":true},"description":{"type":"string","description":"Description for the GCP Role in the application.","description_kind":"markdown","optional":true,"computed":true},"gcp_role_launch_stage":{"type":"number","description":"GCPRoleLaunchStage is the launch stage for a gcp role","description_kind":"markdown","optional":true,"computed":true},"id":{"type":"string","description":"GCP Role ID.","description_kind":"markdown","computed":true},"name":{"type":"string","description":"Name of the GCP Role in the application.","description_kind":"markdown","required":true},"owner_user_group_ids":{"type":["list","number"],"description":"List of group IDs who will own the GCP Role. Is required if no owner user IDs are listed.","description_kind":"markdown","optional":true,"computed":true},"owner_user_ids":{"type":["list","number"],"description":"List of user IDs who will own the GCP Role. Is required if no owner group IDs are listed.","description_kind":"markdown","optional":true,"computed":true},"role_denials":{"type":["list","string"],"description":"List of GCP Permissions to deny when applying this role. Wildcards are supported.","description_kind":"markdown","optional":true,"computed":true},"role_permissions":{"type":["list","string"],"description":"List of GCP Permissions to assign the role","description_kind":"markdown","required":true}},"description_kind":"plain"}},"kion_gcp_service_account":{"version":0,"block":{"attributes":{"description":{"type":"string","description":"Description is a brief description of the service account","description_kind":"markdown","optional":true,"computed":true},"disabled":{"type":"bool","description":"Disabled is true if the service account is disabled with GCP","description_kind":"markdown","optional":true,"computed":true},"display_name":{"type":"string","description":"DisplayName is a human-friendly name for the service account","description_kind":"markdown","optional":true,"computed":true},"email":{"type":"string","description":"Email is the google-designated email id for the service account","description_kind":"markdown","required":true},"enable_federation_support":{"type":"bool","description":"EnableFederationSupport represents if the service account will be used for federation","description_kind":"markdown","required":true},"gcp_project_id":{"type":"string","description":"GCPProjectID is the Google Cloud Project that the service account was created in","description_kind":"markdown","required":true},"id":{"type":"string","description":"GCP service account id.","description_kind":"markdown","computed":true},"name":{"type":"string","description":"Name is the kebab-case name for the service account","description_kind":"markdown","required":true},"oauth_client_id":{"type":"string","description":"OAuthClientID is the client id for an oauth client in the service account's project","description_kind":"markdown","optional":true,"computed":true},"oauth_client_secret":{"type":"string","description":"OAuthClientSecret is the client secret for an oauth client in the service account's project","description_kind":"markdown","optional":true,"computed":true},"unique_id":{"type":"string","description":"UniqueID is the client id used to authenticate in tandem with a key","description_kind":"markdown","required":true}},"description_kind":"plain"}},"kion_global_permission_mapping":{"version":0,"block":{"attributes":{"app_role_id":{"type":"number","description":"The ID of the app role.","description_kind":"markdown","required":true},"id":{"type":"string","description":"The synthetic ID of the mapping.","description_kind":"markdown","computed":true},"user_groups_ids":{"type":["set","number"],"description":"The IDs of the user groups in the mapping.","description_kind":"markdown","required":true},"user_ids":{"type":["set","number"],"description":"The IDs of the users in the mapping.","description_kind":"markdown","required":true}},"description_kind":"plain"}},"kion_iam_policy":{"version":1,"block":{"attributes":{"aws_iam_path":{"type":"string","description":"Text of the IAM Path in AWS to be stored in AWS.","description_kind":"markdown","optional":true,"computed":true},"aws_managed_policy":{"type":"bool","description":"Whether this is an AWS-managed policy.","description_kind":"markdown","computed":true},"car_restricted":{"type":"bool","description":"True if the policy has been restricted for use by a subset of Users/UGroups on a Cloud Access Role.","description_kind":"markdown","optional":true,"computed":true},"car_restricted_user_group_ids":{"type":["list","number"],"description":"List of groups IDs who have been allowed to use the iam policy on Cloud Access Roles in the system.","description_kind":"markdown","optional":true,"computed":true},"car_restricted_user_ids":{"type":["list","number"],"description":"List of user IDs who have been allowed to use the iam policy on Cloud Access Roles in the system.","description_kind":"markdown","optional":true,"computed":true},"description":{"type":"string","description":"Description for the IAM policy in the application.","description_kind":"markdown","optional":true,"computed":true},"id":{"type":"string","description":"IAM policy ID.","description_kind":"markdown","computed":true},"last_updated":{"type":"string","description":"The last time this resource was updated.","description_kind":"markdown","optional":true,"computed":true},"name":{"type":"string","description":"Name of the IAM policy in the application.","description_kind":"markdown","required":true},"owner_user_group_ids":{"type":["list","number"],"description":"List of groups IDs who will own the iam policy. Is required if no owner user IDs are listed.","description_kind":"markdown","optional":true,"computed":true},"owner_user_ids":{"type":["list","number"],"description":"List of user IDs who will own the iam policy. Is required if no owner group IDs are listed.","description_kind":"markdown","optional":true,"computed":true},"path_suffix":{"type":"string","description":"The path suffix of the IAM policy.","description_kind":"markdown","computed":true},"policy":{"type":"string","description":"Text of the IAM policy in AWS to be stored in AWS.","description_kind":"markdown","required":true},"system_managed_policy":{"type":"bool","description":"Whether this is a system-managed policy.","description_kind":"markdown","computed":true}},"description_kind":"plain"}},"kion_idms":{"version":0,"block":{"attributes":{"id":{"type":"string","description":"IDMS ID.","description_kind":"markdown","computed":true},"idms_type_id":{"type":"number","description":"ID of the IDMS type in the application. 1 is Internal Directory, 2 is\nActive Directory, 3 is SAML.","description_kind":"markdown","required":true},"name":{"type":"string","description":"Name of the IDMS in the application.","description_kind":"markdown","required":true},"password_expiration":{"type":"number","description":"Number of days until a password reset dialog displays on login.","description_kind":"markdown","required":true}},"description_kind":"plain"}},"kion_idms_group_association":{"version":0,"block":{"attributes":{"assertion_name":{"type":"string","description":"AssertionName of the assertion in saml.","description_kind":"markdown","optional":true,"computed":true},"assertion_regex":{"type":"string","description":"Regular expression used to determine a match.","description_kind":"markdown","optional":true,"computed":true},"id":{"type":"string","description":"Group Association ID.","description_kind":"markdown","computed":true},"idms_id":{"type":"number","description":"ID of the idms the group association will apply to.","description_kind":"markdown","optional":true,"computed":true},"update_on_login":{"type":"bool","description":"If the group associations should be updated every time a user logs in.","description_kind":"markdown","optional":true,"computed":true},"user_group_id":{"type":"number","description":"ID of the user group this assertion will map to.","description_kind":"markdown","optional":true,"computed":true}},"description_kind":"plain"}},"kion_idms_open_id":{"version":0,"block":{"attributes":{"access_rules":{"nested_type":{"attributes":{"assertion_name":{"type":"string","description":"AssertionName name of the assertion in OpenID.","description_kind":"markdown","optional":true,"computed":true},"assertion_regex":{"type":"string","description":"AssertionRegex is the regular expression used to determine a match.","description_kind":"markdown","optional":true,"computed":true},"cloudtamer_access_level_id":{"type":"number","description":"CloudtamerAccessLevelID is the ID that represents access level. 1 represents full access, 2 represents no cloud account access and 3 represents no access.","description_kind":"markdown","optional":true,"computed":true}},"nesting_mode":"list"},"description":"AccessRules defines the console access defined for matching users in Kion","description_kind":"markdown","optional":true,"computed":true},"authorization_endpoint":{"type":"string","description":"AuthorizationEndpoint is the endpoint the OpenID provider determines to kick off the authentication process","description_kind":"markdown","optional":true,"computed":true},"client_id":{"type":"string","description":"ClientID that links Kion to the OpenID Provider, determined when configuring OpenID","description_kind":"markdown","optional":true,"computed":true},"email_claim":{"type":"string","description":"EmailClaim defines an optional mapping of an OpenID claim value to a user's email attribute in Kion","description_kind":"markdown","optional":true,"computed":true},"first_name_claim":{"type":"string","description":"FirstNameClaim defines an optional mapping of an OpenID claim value to a user's first name attribute in Kion","description_kind":"markdown","optional":true,"computed":true},"id":{"type":"string","description":"OpenID IDMS ID.","description_kind":"markdown","computed":true},"issuer":{"type":"string","description":"Issuer is the URL for the OpenID Provider","description_kind":"markdown","optional":true,"computed":true},"jwks_uri":{"type":"string","description":"JwksURI describes the endpoint of an OpenID provider used to retrieve token security information for validation","description_kind":"markdown","optional":true,"computed":true},"last_name_claim":{"type":"string","description":"LastNameClaim defines an optional mapping of an OpenID claim value to a user's last name attribute in Kion","description_kind":"markdown","optional":true,"computed":true},"name":{"type":"string","description":"Name of the OpenID in the application.","description_kind":"markdown","optional":true,"computed":true},"phone_claim":{"type":"string","description":"PhoneClaim defines an optional mapping of an OpenID claim value to a user's phone attribute in Kion","description_kind":"markdown","optional":true,"computed":true},"scopes":{"type":["list","string"],"description":"Scopes define the claim variables that an OpenID provider will include in an auth request. Specifics depend on the OpenID provider.","description_kind":"markdown","optional":true,"computed":true},"username_claim":{"type":"string","description":"UsernameClaim defines an optional mapping of an OpenID claim value to a user's username attribute in Kion. Required to uniquely identify users","description_kind":"markdown","optional":true,"computed":true}},"description_kind":"plain"}},"kion_idms_open_id_access_rule":{"version":0,"block":{"attributes":{"assertion_name":{"type":"string","description":"AssertionName name of the assertion in OpenID.","description_kind":"markdown","optional":true,"computed":true},"assertion_regex":{"type":"string","description":"AssertionRegex is the regular expression used to determine a match.","description_kind":"markdown","optional":true,"computed":true},"cloudtamer_access_level_id":{"type":"number","description":"CloudtamerAccessLevelID is the ID that represents access level. 1 represents full access, 2 represents no cloud account access and 3 represents no access.","description_kind":"markdown","optional":true,"computed":true},"id":{"type":"string","description":"Access Rule ID.","description_kind":"markdown","computed":true},"open_id_id":{"type":"number","description":"The ID of the OpenID IDMS the access rule belongs to.","description_kind":"markdown","required":true}},"description_kind":"plain"}},"kion_idms_open_id_group_association":{"version":0,"block":{"attributes":{"assertion_name":{"type":"string","description":"AssertionName name of the assertion in OpenID.","description_kind":"markdown","optional":true,"computed":true},"assertion_regex":{"type":"string","description":"AssertionRegex is the regular expression used to determine a match.","description_kind":"markdown","optional":true,"computed":true},"id":{"type":"string","description":"Group Association ID.","description_kind":"markdown","computed":true},"open_id_id":{"type":"number","description":"The ID of the OpenID IDMS the group association belongs to.","description_kind":"markdown","required":true},"update_on_login":{"type":"bool","description":"ShouldUpdateOnLogin denotes if the group associations should be updated every time a user logs in.","description_kind":"markdown","optional":true,"computed":true},"user_group_id":{"type":"number","description":"UgroupID is the ID of the user group this assertion will map to.","description_kind":"markdown","optional":true,"computed":true}},"description_kind":"plain"}},"kion_label":{"version":0,"block":{"attributes":{"color":{"type":"string","description":"Hex value of the label color","description_kind":"markdown","required":true},"id":{"type":"string","description":"The ID of the label.","description_kind":"markdown","computed":true},"key":{"type":"string","description":"Key of the label (first part of the label)","description_kind":"markdown","required":true},"value":{"type":"string","description":"Value of the label (second part of the label following the key)","description_kind":"markdown","required":true}},"description":"Manages a Kion Label.","description_kind":"plain"}},"kion_ou":{"version":1,"block":{"attributes":{"created_at":{"type":"string","description":"When the OU was created.","description_kind":"markdown","computed":true},"description":{"type":"string","description":"Description for the OU in the application.","description_kind":"markdown","optional":true,"computed":true},"id":{"type":"string","description":"OU ID.","description_kind":"markdown","computed":true},"labels":{"type":["map","string"],"description":"The labels applied to the OU.","description_kind":"markdown","optional":true,"computed":true},"last_updated":{"type":"string","description":"The last time this resource was updated.","description_kind":"markdown","optional":true,"computed":true},"name":{"type":"string","description":"Name of the OU in the application.","description_kind":"markdown","required":true},"owner_user_group_ids":{"type":["list","number"],"description":"List of groups IDs who will own the ou. Is required if no owner user IDs are listed.","description_kind":"markdown","optional":true,"computed":true},"owner_user_ids":{"type":["list","number"],"description":"List of user IDs who will own the ou. Is required if no owner group IDs are listed.","description_kind":"markdown","optional":true,"computed":true},"parent_ou_id":{"type":"number","description":"ID of the OU containing this OU. A parent OU ID of 0 will create a top-level OU.","description_kind":"markdown","required":true},"permission_scheme_id":{"type":"number","description":"ID of the permission scheme applied to the ou.","description_kind":"markdown","required":true}},"description_kind":"plain"}},"kion_ou_cloud_access_role":{"version":1,"block":{"attributes":{"aws_iam_path":{"type":"string","description":"Text of the IAM Path in AWS to be stored in AWS.","description_kind":"markdown","optional":true,"computed":true},"aws_iam_permissions_boundary":{"type":"number","description":"ID of the AWS IAM policy to be used as a permissions boundary for this role.","description_kind":"markdown","optional":true,"computed":true},"aws_iam_policies":{"type":["list","number"],"description":"IDs of the AWS IAM policies attached to this role.","description_kind":"markdown","optional":true,"computed":true},"aws_iam_role_name":{"type":"string","description":"AWS IAM role name corresponding to the cloud access role.","description_kind":"markdown","optional":true,"computed":true},"aws_session_tags":{"nested_type":{"attributes":{"cloud_access_role_id":{"type":"number","description":"Cloud Access Role ID that the session tag is attached to.\nCan only be attached to either a Cloud Access Role ID or an OU Cloud Access Role ID.","description_kind":"markdown","optional":true,"computed":true},"id":{"type":"number","description":"ID of the record in the application.","description_kind":"markdown","optional":true,"computed":true},"ou_cloud_access_role_id":{"type":"number","description":"OU Cloud Access Role ID that the session tag is attached to.\nCan only be attached to either a Cloud Access Role ID or an OU Cloud Access Role ID.","description_kind":"markdown","optional":true,"computed":true},"tag_key":{"type":"string","description":"Key of the session tag.","description_kind":"markdown","optional":true,"computed":true},"tag_value":{"type":"string","description":"Value of the session tag.","description_kind":"markdown","optional":true,"computed":true}},"nesting_mode":"list"},"description":"AWS Session Tags used in this role when accessing the AWS console.","description_kind":"markdown","optional":true,"computed":true},"azure_role_definitions":{"type":["list","number"],"description":"IDs of the Azure Role Definitions attached to this role.","description_kind":"markdown","optional":true,"computed":true},"gcp_iam_roles":{"type":["list","number"],"description":"IDs of the GCP IAM roles attached to this role.","description_kind":"markdown","optional":true,"computed":true},"id":{"type":"string","description":"OU Cloud Access Role ID.","description_kind":"markdown","computed":true},"last_updated":{"type":"string","description":"The last time this resource was updated.","description_kind":"markdown","optional":true,"computed":true},"long_term_access_keys":{"type":"bool","description":"If long term access is true, users of this cloud access role can generate aws long-term access keys.\nWill default to false if not set.","description_kind":"markdown","optional":true,"computed":true},"name":{"type":"string","description":"Name of the cloud access role in the application.","description_kind":"markdown","required":true},"ou_id":{"type":"number","description":"ID of the OU where the cloud access role is attached.","description_kind":"markdown","required":true},"short_term_access_keys":{"type":"bool","description":"If short term access is true, users of this cloud access role can generate short-term access keys.\nWill default to false if not set.","description_kind":"markdown","optional":true,"computed":true},"user_group_ids":{"type":["list","number"],"description":"IDs of the user groups allowed to use this role to access the AWS console.","description_kind":"markdown","optional":true,"computed":true},"user_ids":{"type":["list","number"],"description":"IDs of the users allowed to use this role to access the AWS console.","description_kind":"markdown","optional":true,"computed":true},"web_access":{"type":"bool","description":"If web access is true, users of this cloud access role can log into the console\nWill default to false if not set.","description_kind":"markdown","optional":true,"computed":true}},"description_kind":"plain"}},"kion_ou_cloud_access_role_exemption":{"version":0,"block":{"attributes":{"id":{"type":"string","description":"ID of the record in the application.","description_kind":"markdown","computed":true},"ou_cloud_access_role_id":{"type":"number","description":"ID of the ou cloud access role in the application being exempted from.","description_kind":"markdown","optional":true,"computed":true},"ou_id":{"type":"number","description":"ID of the ou in the application.","description_kind":"markdown","optional":true,"computed":true},"reason":{"type":"string","description":"Reason the Cloud Access Role is being exempted.","description_kind":"markdown","optional":true,"computed":true}},"description_kind":"plain"}},"kion_ou_enforcement":{"version":0,"block":{"attributes":{"cloud_rule_id":{"type":"number","description":"Optional ID of cloud rule that is attached to the enforcement.\nUse endpoint /v3/cloud-rule to get a list of valid cloud rules and IDs.","description_kind":"markdown","optional":true,"computed":true},"description":{"type":"string","description":"Optional, user-provided description of the enforcement.","description_kind":"markdown","optional":true,"computed":true},"enabled":{"type":"bool","description":"Whether the enforcement is enabled.","description_kind":"markdown","optional":true,"computed":true},"id":{"type":"string","description":"The ID of the OU to look up enforcements in","description_kind":"markdown","computed":true},"ou_id":{"type":"number","description":"The ID of the OU the enforcement belongs to.","description_kind":"markdown","required":true},"overburn":{"type":"bool","description":"Flag that specifies if enforcement will place project in a overburn state when triggered. Options are: true, false.","description_kind":"markdown","optional":true,"computed":true},"service_id":{"type":"number","description":"Option ID of service to set enforcement against.\nUse endpoint /v3/cloud-provider/service to get a list of valid services and IDs.","description_kind":"markdown","optional":true,"computed":true},"threshold":{"type":"number","description":"Threshold value. Either a dollar amount or percent based on threshold type.","description_kind":"markdown","required":true},"threshold_type":{"type":"string","description":"Type of the threshold value.\nValid values are \"dollar\", \"percent\".","description_kind":"markdown","optional":true,"computed":true},"timeframe":{"type":"string","description":"Timeframe of the enforcement.\nValid values are \"lifetime\", \"month\", \"year\"","description_kind":"markdown","required":true},"trigger_planned_amount_type":{"type":"string","description":"For OU percent enforcements, controls whether percentage is calculated against an aggregate budget or active threshold when applicable.","description_kind":"markdown","optional":true,"computed":true},"triggered":{"type":"bool","description":"Whether the enforcement has been triggered.","description_kind":"markdown","computed":true},"ugroup_ids":{"type":["list","number"],"description":"List of user group IDs that will receive notifications from the enforcement. Is required if no user IDs are listed.","description_kind":"markdown","optional":true,"computed":true},"user_ids":{"type":["list","number"],"description":"List of user IDs that will receive notifications from the enforcement. Is required if no user group IDs are listed.","description_kind":"markdown","optional":true,"computed":true}},"description_kind":"plain"}},"kion_ou_note":{"version":0,"block":{"attributes":{"create_user_id":{"type":"number","description":"ID of the user creating the note.","description_kind":"markdown","required":true},"id":{"type":"string","description":"OU Note ID.","description_kind":"markdown","computed":true},"name":{"type":"string","description":"Name of the OU note.","description_kind":"markdown","required":true},"ou_id":{"type":"number","description":"ID of the OU this note belongs to.","description_kind":"markdown","required":true},"text":{"type":"string","description":"Text content of the OU note.","description_kind":"markdown","required":true}},"description_kind":"plain"}},"kion_ou_permission_mapping":{"version":0,"block":{"attributes":{"app_role_id":{"type":"number","description":"The ID of the app role.","description_kind":"markdown","required":true},"id":{"type":"string","description":"The synthetic ID of the mapping.","description_kind":"markdown","computed":true},"ou_id":{"type":"number","description":"The ID of the OU.","description_kind":"markdown","required":true},"user_groups_ids":{"type":["set","number"],"description":"The IDs of the user groups in the mapping.","description_kind":"markdown","required":true},"user_ids":{"type":["set","number"],"description":"The IDs of the users in the mapping.","description_kind":"markdown","required":true}},"description_kind":"plain"}},"kion_permission_scheme":{"version":0,"block":{"attributes":{"id":{"type":"string","description":"ID of scheme.","description_kind":"markdown","computed":true},"name":{"type":"string","description":"Name of the permission scheme in the application.","description_kind":"markdown","required":true},"roles":{"nested_type":{"attributes":{"permission_id":{"type":"number","description":"ID of the permission within the application that will be assigned to the role.","description_kind":"markdown","required":true},"role_id":{"type":"number","description":"ID of the role within the application that will have the specified permission.","description_kind":"markdown","required":true}},"nesting_mode":"list"},"description_kind":"plain","optional":true,"computed":true},"type":{"type":"string","description":"Specifies the type of policy. Options are: global, ou, project, or funding_source.","description_kind":"markdown","required":true}},"description_kind":"plain"}},"kion_project":{"version":1,"block":{"attributes":{"archived":{"type":"bool","description":"Whether the project is archived.","description_kind":"markdown","optional":true,"computed":true},"auto_pay":{"type":"bool","description":"True means the application can use the spend plan to process payments from\nthe account. Should be true unless using a custom module.","description_kind":"markdown","optional":true,"computed":true},"budget":{"nested_type":{"attributes":{"amount":{"type":"number","description":"The budget amount.","description_kind":"markdown","optional":true},"data":{"nested_type":{"attributes":{"amount":{"type":"number","description":"The period amount.","description_kind":"markdown","required":true},"datecode":{"type":"string","description":"The period datecode.","description_kind":"markdown","required":true},"funding_source_id":{"type":"number","description":"The funding source ID for the period.","description_kind":"markdown","optional":true},"priority":{"type":"number","description":"The funding priority for the period.","description_kind":"markdown","optional":true}},"nesting_mode":"set"},"description":"Per-period budget data.","description_kind":"markdown","optional":true},"end_datecode":{"type":"string","description":"The budget end datecode.","description_kind":"markdown","required":true},"funding_source_ids":{"type":["set","number"],"description":"The funding source IDs.","description_kind":"markdown","optional":true},"start_datecode":{"type":"string","description":"The budget start datecode.","description_kind":"markdown","required":true}},"nesting_mode":"set"},"description":"The project budget.","description_kind":"markdown","optional":true,"computed":true},"default_aws_region":{"type":"string","description":"Default AWS region that the project will use for assuming into accounts.","description_kind":"markdown","optional":true,"computed":true},"description":{"type":"string","description":"Description for the project in the application.","description_kind":"markdown","optional":true,"computed":true},"id":{"type":"string","description":"Project ID.","description_kind":"markdown","computed":true},"labels":{"type":["map","string"],"description":"The labels applied to the project.","description_kind":"markdown","optional":true,"computed":true},"last_updated":{"type":"string","description":"The last time this resource was updated.","description_kind":"markdown","optional":true,"computed":true},"move_ou_settings":{"nested_type":{"attributes":{"cloud_rule_setting":{"type":"string","description":"Cloud-rule handling for the move (JSON).","description_kind":"markdown","optional":true,"computed":true},"financial_setting":{"type":"string","description":"Financial handling for the move (JSON).","description_kind":"markdown","optional":true,"computed":true}},"nesting_mode":"set"},"description":"Settings applied when moving the project between OUs.","description_kind":"markdown","optional":true,"computed":true},"name":{"type":"string","description":"Name of the Project in the application.","description_kind":"markdown","required":true},"ou_id":{"type":"number","description":"ID of the OU containing the project.","description_kind":"markdown","required":true},"owner_user_group_ids":{"type":["list","number"],"description":"List of groups IDs who will own the project. Is required if no owner user IDs are listed.","description_kind":"markdown","optional":true,"computed":true},"owner_user_ids":{"type":["list","number"],"description":"List of user IDs who will own the project. Is required if no owner group IDs are listed.","description_kind":"markdown","optional":true,"computed":true},"permission_scheme_id":{"type":"number","description":"ID of the permission scheme applied to the project.","description_kind":"markdown","required":true},"project_funding":{"nested_type":{"attributes":{"amount":{"type":"number","description":"Amount of funding from the funding source.","description_kind":"markdown","optional":true,"computed":true},"end_datecode":{"type":"string","description":"The month this funding source stops being usable - this is exclusive of the date returned (YYYY-MM).","description_kind":"markdown","optional":true,"computed":true},"funding_order":{"type":"number","description":"The priority of this funding for the project. Funding with order 1 will be drawn from first, then 2, 3, etc.","description_kind":"markdown","optional":true,"computed":true},"funding_source_id":{"type":"number","description":"ID of the funding source the money is coming from.","description_kind":"markdown","optional":true,"computed":true},"start_datecode":{"type":"string","description":"The month this funding source starts being usable (YYYY-MM).","description_kind":"markdown","optional":true,"computed":true}},"nesting_mode":"list"},"description_kind":"plain","optional":true,"computed":true}},"description_kind":"plain"}},"kion_project_cloud_access_role":{"version":1,"block":{"attributes":{"account_ids":{"type":["list","number"],"description":"Account IDs contains a list of accounts in this project that will be accessible via this cloud access role.\nAccounts that do not match the cloud provider ID (if given) will be filtered","description_kind":"markdown","optional":true,"computed":true},"apply_to_all_accounts":{"type":"bool","description":"If apply all accounts is true, this cloud access role will be applied to all accounts currently under the project.\nThis will only be for accounts that match the given CSP type. Will default to false if not set.","description_kind":"markdown","optional":true,"computed":true},"aws_iam_path":{"type":"string","description":"Text of the IAM Path in AWS to be stored in AWS.","description_kind":"markdown","optional":true,"computed":true},"aws_iam_permissions_boundary":{"type":"number","description":"ID of the AWS IAM policy to be used as a permissions boundary for this role. Will be filtered if AWS Cloud Provider ID is not given.","description_kind":"markdown","optional":true,"computed":true},"aws_iam_policies":{"type":["list","number"],"description":"IDs of the AWS IAM policies attached to this role. Will be filtered if AWS Cloud Provider ID is not given.","description_kind":"markdown","optional":true,"computed":true},"aws_iam_role_name":{"type":"string","description":"AWS IAM role name corresponding to the cloud access role.","description_kind":"markdown","optional":true,"computed":true},"aws_session_tags":{"nested_type":{"attributes":{"cloud_access_role_id":{"type":"number","description":"Cloud Access Role ID that the session tag is attached to.\nCan only be attached to either a Cloud Access Role ID or an OU Cloud Access Role ID.","description_kind":"markdown","optional":true,"computed":true},"id":{"type":"number","description":"ID of the record in the application.","description_kind":"markdown","optional":true,"computed":true},"ou_cloud_access_role_id":{"type":"number","description":"OU Cloud Access Role ID that the session tag is attached to.\nCan only be attached to either a Cloud Access Role ID or an OU Cloud Access Role ID.","description_kind":"markdown","optional":true,"computed":true},"tag_key":{"type":"string","description":"Key of the session tag.","description_kind":"markdown","optional":true,"computed":true},"tag_value":{"type":"string","description":"Value of the session tag.","description_kind":"markdown","optional":true,"computed":true}},"nesting_mode":"list"},"description":"AWS Session Tags used in this role when accessing the AWS console.","description_kind":"markdown","optional":true,"computed":true},"azure_role_definitions":{"type":["list","number"],"description":"IDs of the Azure Role Definitions attached to this role. Will be filtered if Azure Cloud Provider ID is not given.","description_kind":"markdown","optional":true,"computed":true},"cloud_provider_ids":{"type":["list","number"],"description":"Cloud provider IDs that specify which CSPs this role will be used for. If none provided, assume all cloud providers.\n1 for AWS, 2 for Azure, 3 for GCP","description_kind":"markdown","optional":true,"computed":true},"future_accounts":{"type":"bool","description":"If future accounts is true, this cloud access role will be added to any account that is added to this project.\nThis will only be for new accounts that match the given CSP type. Will default to false if not set.","description_kind":"markdown","optional":true,"computed":true},"gcp_iam_roles":{"type":["list","number"],"description":"IDs of the Google Cloud IAM roles attached to this role. Will be filtered if GCP Cloud Provider ID is not given.","description_kind":"markdown","optional":true,"computed":true},"id":{"type":"string","description":"Project Cloud Access Role ID.","description_kind":"markdown","computed":true},"last_updated":{"type":"string","description":"The last time this resource was updated.","description_kind":"markdown","optional":true,"computed":true},"long_term_access_keys":{"type":"bool","description":"If long term access is true, users of this cloud access role can generate aws long-term access keys.\nWill default to false if not set.","description_kind":"markdown","optional":true,"computed":true},"name":{"type":"string","description":"Name of the cloud access role in the application.","description_kind":"markdown","required":true},"policytype":{"type":"string","description":"Enclosed policy type filter. Valid values are \"awsiam\" or \"azurerole\"","description_kind":"markdown","optional":true,"computed":true},"project_id":{"type":"number","description":"ID of the project where the cloud access role is attached.","description_kind":"markdown","required":true},"short_term_access_keys":{"type":"bool","description":"If short term access is true, users of this cloud access role can generate short-term access keys.\nWill default to false if not set.","description_kind":"markdown","optional":true,"computed":true},"user_group_ids":{"type":["list","number"],"description":"IDs of the user groups allowed to use this role to access the AWS console.","description_kind":"markdown","optional":true,"computed":true},"user_ids":{"type":["list","number"],"description":"IDs of the users allowed to use this role to access the AWS console.","description_kind":"markdown","optional":true,"computed":true},"web_access":{"type":"bool","description":"If web access is true, users of this cloud access role can log into the console\nWill default to false if not set.","description_kind":"markdown","optional":true,"computed":true}},"description_kind":"plain"}},"kion_project_cloud_access_role_exemption":{"version":0,"block":{"attributes":{"id":{"type":"string","description":"ID of the record in the application.","description_kind":"markdown","computed":true},"ou_cloud_access_role_id":{"type":"number","description":"ID of the ou cloud access role in the application being exempted from.","description_kind":"markdown","optional":true,"computed":true},"project_id":{"type":"number","description":"ID of the project in the application.","description_kind":"markdown","optional":true,"computed":true},"reason":{"type":"string","description":"Reason the Cloud Access Role is being exempted.","description_kind":"markdown","optional":true,"computed":true}},"description_kind":"plain"}},"kion_project_enforcement":{"version":0,"block":{"attributes":{"amount_type":{"type":"string","description":"Type of the amount.\nValid values are \"custom\", \"last_month\".","description_kind":"markdown","optional":true,"computed":true},"cloud_rule_id":{"type":"number","description":"Optional ID of cloud rule that is attached to the enforcement.\nUse endpoint /v3/cloud-rule to get a list of valid cloud rules and IDs.","description_kind":"markdown","optional":true,"computed":true},"description":{"type":"string","description":"Optional, user-provided description of the enforcement.","description_kind":"markdown","optional":true,"computed":true},"enabled":{"type":"bool","description":"Whether the enforcement is enabled.","description_kind":"markdown","optional":true,"computed":true},"id":{"type":"string","description":"Project ID.","description_kind":"markdown","computed":true},"notification_emails":{"type":["list","string"],"description":"List of external email addresses that will receive notifications from the enforcement.","description_kind":"markdown","optional":true,"computed":true},"notification_frequency":{"type":"string","description":"Frequency of notifications for this enforcement.\nValid values are \"daily\".","description_kind":"markdown","optional":true,"computed":true},"overburn":{"type":"bool","description":"Flag that specifies if enforcement will place project in a overburn state when triggered. Options are: true, false.","description_kind":"markdown","optional":true,"computed":true},"project_id":{"type":"number","description":"The ID of the project the enforcement belongs to.","description_kind":"markdown","required":true},"service_id":{"type":"number","description":"Option ID of service to set enforcement against.\nUse endpoint /v3/cloud-provider/service to get a list of valid services and IDs.","description_kind":"markdown","optional":true,"computed":true},"spend_option":{"type":"string","description":"Type of spend option.\nValid values are \"spend\", \"remaining\", \"spend_rate\".","description_kind":"markdown","optional":true,"computed":true},"threshold":{"type":"number","description":"Threshold value. Either a dollar amount or percent based on threshold type.","description_kind":"markdown","required":true},"threshold_type":{"type":"string","description":"Type of the threshold value.\nValid values are \"dollar\", \"percent\".","description_kind":"markdown","optional":true,"computed":true},"timeframe":{"type":"string","description":"Timeframe of the enforcement.\nValid values are \"day\", \"lifetime\", \"month\", \"year\", \"funding_source\", \"budget\".","description_kind":"markdown","required":true},"triggered":{"type":"bool","description":"Whether the enforcement has been triggered.","description_kind":"markdown","computed":true},"user_group_ids":{"type":["list","number"],"description":"List of user group IDs that will receive notifications from the enforcement. Is required if no user IDs are listed.","description_kind":"markdown","optional":true,"computed":true},"user_ids":{"type":["list","number"],"description":"List of user IDs that will receive notifications from the enforcement. Is required if no user group IDs are listed.","description_kind":"markdown","optional":true,"computed":true}},"description_kind":"plain"}},"kion_project_line_item":{"version":0,"block":{"attributes":{"amount":{"type":"number","description":"Amount for the project line item in the application.","description_kind":"markdown","optional":true,"computed":true},"category_id":{"type":"number","description":"Category ID of related Category of the Project Line Item in the application.","description_kind":"markdown","optional":true,"computed":true},"datecode":{"type":"number","description":"Datecode for the project line item in the application.","description_kind":"markdown","optional":true,"computed":true},"description":{"type":"string","description":"Description for the project line item in the application.","description_kind":"markdown","optional":true,"computed":true},"funding_source_id":{"type":"number","description":"Funding Source ID of related Funding Source of the Project Line Item in the application.","description_kind":"markdown","optional":true,"computed":true},"id":{"type":"string","description":"Project line item ID.","description_kind":"markdown","computed":true},"payer_id":{"type":"number","description":"Payer ID of related Payer of the Project Line Item in the application.","description_kind":"markdown","optional":true,"computed":true},"project_id":{"type":"number","description":"Project ID of the Project Line Item in the application.","description_kind":"markdown","optional":true,"computed":true}},"description_kind":"plain"}},"kion_project_note":{"version":0,"block":{"attributes":{"create_user_id":{"type":"number","description":"ID of the user who created the note.","description_kind":"markdown","computed":true},"create_user_name":{"type":"string","description":"Name of the user who created the note.","description_kind":"markdown","computed":true},"created_at":{"type":"string","description":"When the note was created.","description_kind":"markdown","computed":true},"id":{"type":"string","description":"The ID of the project note.","description_kind":"markdown","computed":true},"last_update_user_id":{"type":"number","description":"ID of the user who last updated the note.","description_kind":"markdown","computed":true},"last_update_user_name":{"type":"string","description":"Name of the user who last updated the note.","description_kind":"markdown","computed":true},"name":{"type":"string","description":"Name of the note.","description_kind":"markdown","optional":true,"computed":true},"project_id":{"type":"number","description":"ID of the project.","description_kind":"markdown","optional":true,"computed":true},"text":{"type":"string","description":"Body text of the note.","description_kind":"markdown","optional":true,"computed":true},"updated_at":{"type":"string","description":"When the note was last updated.","description_kind":"markdown","computed":true}},"description_kind":"plain"}},"kion_project_permission_mapping":{"version":0,"block":{"attributes":{"app_role_id":{"type":"number","description":"The ID of the app role.","description_kind":"markdown","required":true},"id":{"type":"string","description":"The synthetic ID of the mapping.","description_kind":"markdown","computed":true},"project_id":{"type":"number","description":"The ID of the project.","description_kind":"markdown","required":true},"user_groups_ids":{"type":["set","number"],"description":"The IDs of the user groups in the mapping.","description_kind":"markdown","required":true},"user_ids":{"type":["set","number"],"description":"The IDs of the users in the mapping.","description_kind":"markdown","required":true}},"description_kind":"plain"}},"kion_saml_group_association":{"version":0,"block":{"attributes":{"assertion_name":{"type":"string","description":"AssertionName of the assertion in saml.","description_kind":"markdown","optional":true,"computed":true},"assertion_regex":{"type":"string","description":"Regular expression used to determine a match.","description_kind":"markdown","optional":true,"computed":true},"id":{"type":"string","description":"Group Association ID.","description_kind":"markdown","computed":true},"idms_id":{"type":"number","description":"ID of the idms the group association will apply to.","description_kind":"markdown","optional":true,"computed":true},"idms_saml_id":{"type":"number","description":"The ID of the SAML IDMS.","description_kind":"markdown","computed":true},"last_updated":{"type":"string","description":"The last time this resource was updated.","description_kind":"markdown","optional":true,"computed":true},"should_update_on_login":{"type":"bool","description":"Whether the association updates on login.","description_kind":"markdown","computed":true},"update_on_login":{"type":"bool","description":"If the group associations should be updated every time a user logs in.","description_kind":"markdown","optional":true,"computed":true},"user_group_id":{"type":"number","description":"ID of the user group this assertion will map to.","description_kind":"markdown","optional":true,"computed":true}},"description_kind":"plain"}},"kion_scope":{"version":0,"block":{"attributes":{"alias":{"type":"string","description":"Alias of the scope in the application.","description_kind":"markdown","optional":true,"computed":true},"criteria":{"type":"string","description":"The criteria for the scope, as a JSON-encoded string.","description_kind":"markdown","optional":true},"description":{"type":"string","description":"Description of the scope in the application.","description_kind":"markdown","optional":true,"computed":true},"end_datecode":{"type":"number","description":"End datecode for the scope (YYYYMM format), if applicable.","description_kind":"markdown","optional":true,"computed":true},"id":{"type":"string","description":"Scope ID.","description_kind":"markdown","computed":true},"name":{"type":"string","description":"Name of the role in the application.","description_kind":"markdown","required":true},"project_id":{"type":"number","description":"ID of the project associated with this scope.","description_kind":"markdown","optional":true,"computed":true},"start_datecode":{"type":"number","description":"Start datecode for the scope (YYYYMM format).","description_kind":"markdown","optional":true,"computed":true}},"description_kind":"plain"}},"kion_scope_criteria":{"version":0,"block":{"attributes":{"criteria":{"type":"string","description":"The criteria for the scope, as a JSON-encoded string.","description_kind":"markdown","required":true},"criteria_id":{"type":"number","description":"The ID of the criteria record within the scope.","description_kind":"markdown","computed":true},"end_month":{"type":"number","description":"End month for the criteria period (YYYYMM format).","description_kind":"markdown","optional":true},"id":{"type":"string","description":"The composite ID of the scope criteria, formatted \"scope_id/criteria_id\".","description_kind":"markdown","computed":true},"scope_id":{"type":"number","description":"The ID of the parent scope.","description_kind":"markdown","required":true},"start_month":{"type":"number","description":"Start month for the criteria period (YYYYMM format).","description_kind":"markdown","required":true}},"description":"Manages a Kion Scope Criteria — a versioned criteria record on a scope.","description_kind":"plain"}},"kion_service_catalog":{"version":0,"block":{"attributes":{"account_id":{"type":"number","description":"ID of account where the service catalog portfolio exists.","description_kind":"markdown","required":true},"description":{"type":"string","description":"Description for the service catalog portfolio in the application.","description_kind":"markdown","optional":true,"computed":true},"id":{"type":"string","description":"Service catalog portfolio ID.","description_kind":"markdown","computed":true},"name":{"type":"string","description":"Name of the service catalog portfolio in the application.","description_kind":"markdown","required":true},"owner_user_group_ids":{"type":["list","number"],"description":"List of groups IDs who will own the portfolio. Is required if no owner user IDs are listed.","description_kind":"markdown","optional":true,"computed":true},"owner_user_ids":{"type":["list","number"],"description":"List of user IDs who will own the portfolio. Is required if no owner group IDs are listed.","description_kind":"markdown","optional":true,"computed":true},"portfolio_id":{"type":"string","description":"ID of the service catalog portfolio in AWS.","description_kind":"markdown","required":true},"region":{"type":"string","description":"AWS region where the service catalog portfolio exists.","description_kind":"markdown","required":true},"tag_option":{"type":"bool","description":"Boolean that enables or disables tag option sharing on service catalog portfolios.","description_kind":"markdown","optional":true,"computed":true}},"description_kind":"plain"}},"kion_service_control_policy":{"version":1,"block":{"attributes":{"description":{"type":"string","description":"Description for the Service Control policy in the application.","description_kind":"markdown","optional":true,"computed":true},"id":{"type":"string","description":"Service Control policy ID.","description_kind":"markdown","computed":true},"name":{"type":"string","description":"Name of the Service Control policy in the application.","description_kind":"markdown","required":true},"owner_user_group_ids":{"type":["list","number"],"description":"List of groups IDs who will own the service_control policy. Is required if no owner user IDs are listed.","description_kind":"markdown","optional":true,"computed":true},"owner_user_ids":{"type":["list","number"],"description":"List of user IDs who will own the service_control policy. Is required if no owner group IDs are listed.","description_kind":"markdown","optional":true,"computed":true},"policy":{"type":"string","description":"Text of the Service Control policy in AWS to be stored in AWS.","description_kind":"markdown","required":true}},"description_kind":"plain"}},"kion_user":{"version":0,"block":{"attributes":{"email":{"type":"string","description":"Email address of the user.","description_kind":"markdown","required":true},"first_name":{"type":"string","description":"First name of the user.","description_kind":"markdown","required":true},"id":{"type":"string","description":"User ID.","description_kind":"markdown","computed":true},"idms_id":{"type":"number","description":"ID of the IDMS where the user exists.","description_kind":"markdown","required":true},"last_name":{"type":"string","description":"Last name of the user.","description_kind":"markdown","required":true},"mfa":{"type":"number","description":"The ID of the MFA type. Options: 1 is Webauthn (Yubikey), 2 is TOTP (Google Auth).","description_kind":"markdown","optional":true,"computed":true},"phone":{"type":"string","description":"Phone number of the user.","description_kind":"markdown","optional":true,"computed":true},"user_group_ids":{"type":["list","number"],"description":"List of IDs of groups the user is in.","description_kind":"markdown","optional":true,"computed":true},"username":{"type":"string","description":"Username of the user.","description_kind":"markdown","required":true}},"description_kind":"plain"}},"kion_user_group":{"version":1,"block":{"attributes":{"add_self_as_viewer":{"type":"bool","description":"This option will add the user group as a viewer of itself after it is created.","description_kind":"markdown","optional":true,"computed":true},"created_at":{"type":"string","description":"When the user group was created.","description_kind":"markdown","computed":true},"description":{"type":"string","description":"Description of the user group in the application.","description_kind":"markdown","optional":true,"computed":true},"enabled":{"type":"bool","description":"Whether the user group is enabled.","description_kind":"markdown","computed":true},"id":{"type":"string","description":"User group ID.","description_kind":"markdown","computed":true},"idms_id":{"type":"number","description":"ID of the IDMS where the user group is located.","description_kind":"markdown","required":true},"last_updated":{"type":"string","description":"The last time this resource was updated.","description_kind":"markdown","optional":true,"computed":true},"name":{"type":"string","description":"Name of the user group in the application.","description_kind":"markdown","required":true},"owner_user_group_ids":{"type":["list","number"],"description":"List of groups IDs who will own the group. Is required if no owner user IDs are listed.","description_kind":"markdown","optional":true,"computed":true},"owner_user_ids":{"type":["list","number"],"description":"List of user IDs who will own the group. Is required if no owner group IDs are listed.","description_kind":"markdown","optional":true,"computed":true},"user_ids":{"type":["list","number"],"description":"IDs of the users in the user group.","description_kind":"markdown","optional":true,"computed":true},"viewer_user_group_ids":{"type":["list","number"],"description":"List of groups IDs who will own the group. Is required if no owner user IDs are listed.","description_kind":"markdown","optional":true,"computed":true},"viewer_user_ids":{"type":["list","number"],"description":"List of user IDs who will own the group. Is required if no owner group IDs are listed.","description_kind":"markdown","optional":true,"computed":true}},"description_kind":"plain"}},"kion_webhook":{"version":1,"block":{"attributes":{"callout_url":{"type":"string","description":"URL the application will call when the webhook is triggered.","description_kind":"markdown","required":true},"description":{"type":"string","description":"Description for the webhook in the application.","description_kind":"markdown","optional":true,"computed":true},"id":{"type":"string","description":"Webhook ID.","description_kind":"markdown","computed":true},"name":{"type":"string","description":"Name of the webhook in the application.","description_kind":"markdown","required":true},"owner_user_group_ids":{"type":["list","number"],"description":"List of groups IDs who will own the webhook. Is required if no owner user IDs are listed.","description_kind":"markdown","optional":true,"computed":true},"owner_user_ids":{"type":["list","number"],"description":"List of user IDs who will own the webhook. Is required if no owner group IDs are listed.","description_kind":"markdown","optional":true,"computed":true},"request_body":{"type":"string","description":"HTTP request payload body to use when the webhook is triggered.","description_kind":"markdown","optional":true,"computed":true},"request_headers":{"type":"string","description":"HTTP headers to use when the webhook is triggered.","description_kind":"markdown","optional":true,"computed":true},"request_method":{"type":"string","description":"HTTP request method to use when the webhook is triggered.","description_kind":"markdown","optional":true,"computed":true},"should_send_secure_info":{"type":"bool","description":"Will be true when the request to the webhook will include temporary AWS access keys.","description_kind":"markdown","optional":true,"computed":true},"skip_ssl":{"type":"bool","description":"Will be true when the request to the webhook will skip certificate verification.","description_kind":"markdown","optional":true,"computed":true},"timeout_in_seconds":{"type":"number","description":"The number of seconds the application will wait before considering the webhook \"timed out\".","description_kind":"markdown","required":true},"use_request_headers":{"type":"bool","description":"Will be true when intending to send the request headers specified above.","description_kind":"markdown","optional":true,"computed":true}},"description_kind":"plain"}}},"data_source_schemas":{"kion_account":{"version":0,"block":{"attributes":{"list":{"nested_type":{"attributes":{"account_alias":{"type":"string","description_kind":"plain","computed":true},"account_number":{"type":"string","description_kind":"plain","computed":true},"account_type_id":{"type":"number","description_kind":"plain","computed":true},"car_external_id":{"type":"string","description_kind":"plain","computed":true},"created_at":{"type":"string","description_kind":"plain","computed":true},"email":{"type":"string","description_kind":"plain","computed":true},"id":{"type":"number","description_kind":"plain","computed":true},"include_linked_account_spend":{"type":"bool","description_kind":"plain","computed":true},"linked_account_number":{"type":"string","description_kind":"plain","computed":true},"linked_role":{"type":"string","description_kind":"plain","computed":true},"name":{"type":"string","description_kind":"plain","computed":true},"payer_id":{"type":"number","description_kind":"plain","computed":true},"project_id":{"type":"number","description_kind":"plain","computed":true},"service_external_id":{"type":"string","description_kind":"plain","computed":true},"skip_access_checking":{"type":"bool","description_kind":"plain","computed":true},"start_datecode":{"type":"string","description_kind":"plain","computed":true},"use_org_account_info":{"type":"bool","description_kind":"plain","computed":true}},"nesting_mode":"list"},"description":"This is where Kion makes the discovered data available as a list of resources.","description_kind":"plain","computed":true}},"block_types":{"filter":{"nesting_mode":"list","block":{"attributes":{"name":{"type":"string","description":"The field name whose values you wish to filter by. Supports dotted paths (e.g. \"owner.id\") to traverse nested objects.","description_kind":"plain","required":true},"regex":{"type":"bool","description":"When true, the values are treated as regular expressions instead of exact matches.","description_kind":"plain","optional":true},"values":{"type":["list","string"],"description":"The values of the field name you specified. A row matches if its field equals any of these values.","description_kind":"plain","required":true}},"description":"Filter results by attribute. Multiple filter blocks are AND'd; values within a single filter are OR'd.","description_kind":"plain"}}},"description":"Use this data source to access information about Kion Accounts. Returns every account matching the supplied filter blocks (all accounts when no filter is given).","description_kind":"plain"}},"kion_account_cache":{"version":0,"block":{"attributes":{"account_alias":{"type":"string","description_kind":"plain","computed":true},"account_email":{"type":"string","description_kind":"plain","computed":true},"account_name":{"type":"string","description_kind":"plain","computed":true},"account_number":{"type":"string","description_kind":"plain","computed":true},"account_type_id":{"type":"number","description_kind":"plain","computed":true},"car_external_id":{"type":"string","description_kind":"plain","computed":true},"created_at":{"type":"string","description_kind":"plain","computed":true},"id":{"type":"number","description":"The ID of the AccountCache to fetch.","description_kind":"plain","required":true},"include_linked_account_spend":{"type":"bool","description_kind":"plain","computed":true},"linked_account_number":{"type":"string","description_kind":"plain","computed":true},"linked_role":{"type":"string","description_kind":"plain","computed":true},"payer_id":{"type":"number","description_kind":"plain","computed":true},"service_external_id":{"type":"string","description_kind":"plain","computed":true},"skip_access_checking":{"type":"bool","description_kind":"plain","computed":true}},"description":"Use this data source to look up a Kion AccountCache by id.","description_kind":"plain"}},"kion_account_linkage":{"version":0,"block":{"attributes":{"azure_object_id":{"type":"string","description_kind":"plain","computed":true},"id":{"type":"number","description":"The ID of the AccountLinkage to fetch.","description_kind":"plain","required":true},"payer_id":{"type":"number","description_kind":"plain","computed":true},"user_id":{"type":"number","description_kind":"plain","computed":true}},"description":"Use this data source to look up a Kion AccountLinkage by id.","description_kind":"plain"}},"kion_ami":{"version":0,"block":{"attributes":{"id":{"type":"number","description":"The ID of the Ami to fetch.","description_kind":"plain","required":true}},"description":"Use this data source to look up a Kion Ami by id.","description_kind":"plain"}},"kion_app_api_key":{"version":0,"block":{"attributes":{"id":{"type":"number","description":"The ID of the AppApiKey to fetch.","description_kind":"plain","required":true},"name":{"type":"string","description_kind":"plain","computed":true}},"description":"Use this data source to look up a Kion AppApiKey by id.","description_kind":"plain"}},"kion_app_config":{"version":0,"block":{"attributes":{"all_users_see_ou_names":{"type":"bool","description":"Indicates whether all users can see the names of OU's in the organization chart.","description_kind":"plain","computed":true},"allocation_mode":{"type":"bool","description":"Indicates if allocation mode is enabled in the application.","description_kind":"plain","computed":true},"allow_custom_permission_schemes":{"type":"bool","description":"Indicates whether custom permission schemes are allowed or not.","description_kind":"plain","computed":true},"app_api_key_creation_enabled":{"type":"bool","description":"Indicates if App API Key creation is enabled.","description_kind":"plain","computed":true},"app_api_key_lifespan":{"type":"number","description":"Indicates the lifespan of App API Keys in days.","description_kind":"plain","computed":true},"app_api_key_limit":{"type":"number","description":"Indicates the max amount of App API Keys per user.","description_kind":"plain","computed":true},"aws_access_key_creation_enabled":{"type":"bool","description":"Indicates whether AWS access keys creation is enabled.","description_kind":"plain","computed":true},"budget_mode":{"type":"bool","description":"Indicates if budget mode is enabled in the application.","description_kind":"plain","computed":true},"cloud_rule_group_ownership_only":{"type":"bool","description":"Indicates if cloud rules are restricted to User Group ownership only.","description_kind":"plain","computed":true},"cost_savings_allow_terminate":{"type":"bool","description":"Indicates whether resource termination is allowed in-app.","description_kind":"plain","computed":true},"cost_savings_enabled":{"type":"bool","description":"Indicates whether Cost Savings is enabled or not.","description_kind":"plain","computed":true},"cost_savings_post_token_life_hours":{"type":"number","description":"Post token life (hours) for Cloud Custodian webhook actions to execute.","description_kind":"plain","computed":true},"default_org_chart_view":{"type":"string","description":"Defines the default organization chart view.","description_kind":"plain","computed":true},"enforce_funding":{"type":"bool","description":"Indicates whether spend plans or budgets must be created on all projects.","description_kind":"plain","computed":true},"enforce_funding_sources":{"type":"bool","description":"Indicates whether every project should have a funding source.","description_kind":"plain","computed":true},"event_driven_enabled":{"type":"bool","description":"Indicates whether event driven is enabled or not.","description_kind":"plain","computed":true},"id":{"type":"string","description":"Static identifier for the app-config singleton.","description_kind":"plain","computed":true},"reserved_instances_enabled":{"type":"bool","description":"Indicates whether reserved instances are enabled or not.","description_kind":"plain","computed":true},"resource_inventory_enabled":{"type":"bool","description":"Indicates whether resource inventory is enabled or not.","description_kind":"plain","computed":true},"smtp_enabled":{"type":"bool","description":"Indicates whether SMTP is enabled or not.","description_kind":"plain","computed":true},"smtp_from":{"type":"string","description":"The SMTP from address.","description_kind":"plain","computed":true},"smtp_host":{"type":"string","description":"The SMTP host.","description_kind":"plain","computed":true},"smtp_password":{"type":"string","description":"The SMTP password.","description_kind":"plain","computed":true,"sensitive":true},"smtp_port":{"type":"number","description":"The SMTP port.","description_kind":"plain","computed":true},"smtp_skip_verify":{"type":"bool","description":"Indicates if the app should skip SMTP verification.","description_kind":"plain","computed":true},"smtp_username":{"type":"string","description":"The SMTP username.","description_kind":"plain","computed":true},"supported_aws_regions":{"type":["list","string"],"description":"The list of supported AWS regions.","description_kind":"plain","computed":true}},"description":"Use this data source to access the Kion App Config (workspace-wide application settings singleton).","description_kind":"plain"}},"kion_aws_account":{"version":0,"block":{"attributes":{"id":{"type":"number","description":"The ID of the Aws Account.","description_kind":"plain","optional":true,"computed":true},"name":{"type":"string","description":"The name of the Aws Account.","description_kind":"plain","computed":true}},"description":"Use this data source to access information about Kion Aws Accounts.","description_kind":"plain"}},"kion_aws_cloudformation_template":{"version":0,"block":{"attributes":{"id":{"type":"number","description":"The ID of the Cft to fetch.","description_kind":"plain","required":true}},"description":"Use this data source to look up a Kion Cft by id.","description_kind":"plain"}},"kion_aws_iam_policy":{"version":0,"block":{"attributes":{"id":{"type":"number","description":"The ID of the IamPolicy to fetch.","description_kind":"plain","required":true}},"description":"Use this data source to look up a Kion IamPolicy by id.","description_kind":"plain"}},"kion_azure_account":{"version":0,"block":{"attributes":{"account_alias":{"type":"string","description_kind":"plain","computed":true},"account_name":{"type":"string","description_kind":"plain","computed":true},"account_type_id":{"type":"number","description_kind":"plain","computed":true},"id":{"type":"number","description":"The ID of the AzureAccount to fetch.","description_kind":"plain","required":true},"payer_id":{"type":"number","description_kind":"plain","computed":true},"project_id":{"type":"number","description_kind":"plain","computed":true},"skip_access_checking":{"type":"bool","description_kind":"plain","computed":true},"start_datecode":{"type":"string","description_kind":"plain","computed":true}},"description":"Use this data source to look up a Kion AzureAccount by id.","description_kind":"plain"}},"kion_azure_arm_template":{"version":0,"block":{"attributes":{"id":{"type":"number","description":"The ID of the AzureArmTemplate to fetch.","description_kind":"plain","required":true}},"description":"Use this data source to look up a Kion AzureArmTemplate by id.","description_kind":"plain"}},"kion_azure_policy":{"version":0,"block":{"attributes":{"id":{"type":"number","description":"The ID of the AzurePolicy to fetch.","description_kind":"plain","required":true}},"description":"Use this data source to look up a Kion AzurePolicy by id.","description_kind":"plain"}},"kion_azure_role":{"version":0,"block":{"attributes":{"id":{"type":"number","description":"The ID of the AzureRole to fetch.","description_kind":"plain","required":true}},"description":"Use this data source to look up a Kion AzureRole by id.","description_kind":"plain"}},"kion_billing_rule":{"version":0,"block":{"attributes":{"id":{"type":"number","description":"The ID of the BillingRule to fetch.","description_kind":"plain","required":true}},"description":"Use this data source to look up a Kion BillingRule by id.","description_kind":"plain"}},"kion_budget":{"version":0,"block":{"attributes":{"id":{"type":"number","description":"The ID of the Budget to fetch.","description_kind":"plain","required":true}},"description":"Use this data source to look up a Kion Budget by id.","description_kind":"plain"}},"kion_category":{"version":0,"block":{"attributes":{"description":{"type":"string","description_kind":"plain","computed":true},"id":{"type":"number","description":"The ID of the Category to fetch.","description_kind":"plain","required":true},"name":{"type":"string","description_kind":"plain","computed":true},"payer_id":{"type":"number","description_kind":"plain","computed":true}},"description":"Use this data source to look up a Kion Category by id.","description_kind":"plain"}},"kion_cft":{"version":0,"block":{"attributes":{"id":{"type":"number","description":"The ID of the Cft to fetch.","description_kind":"plain","required":true}},"description":"Use this data source to look up a Kion Cft by id.","description_kind":"plain"}},"kion_cloud_rule":{"version":0,"block":{"attributes":{"id":{"type":"number","description":"The ID of the CloudRule to fetch.","description_kind":"plain","required":true}},"description":"Use this data source to look up a Kion CloudRule by id.","description_kind":"plain"}},"kion_compliance_check":{"version":0,"block":{"attributes":{"id":{"type":"number","description":"The ID of the ComplianceCheck to fetch.","description_kind":"plain","required":true}},"description":"Use this data source to look up a Kion ComplianceCheck by id.","description_kind":"plain"}},"kion_compliance_control":{"version":0,"block":{"attributes":{"compliance_family_id":{"type":"number","description_kind":"plain","computed":true},"control_number":{"type":"number","description_kind":"plain","computed":true},"description":{"type":"string","description_kind":"plain","computed":true},"id":{"type":"number","description":"The ID of the ComplianceControl to fetch.","description_kind":"plain","required":true},"name":{"type":"string","description_kind":"plain","computed":true},"severity":{"type":"string","description_kind":"plain","computed":true},"title":{"type":"string","description_kind":"plain","computed":true}},"description":"Use this data source to look up a Kion ComplianceControl by id.","description_kind":"plain"}},"kion_compliance_family":{"version":0,"block":{"attributes":{"compliance_program_id":{"type":"number","description_kind":"plain","computed":true},"description":{"type":"string","description_kind":"plain","computed":true},"id":{"type":"number","description":"The ID of the ComplianceFamily to fetch.","description_kind":"plain","required":true},"name":{"type":"string","description_kind":"plain","computed":true}},"description":"Use this data source to look up a Kion ComplianceFamily by id.","description_kind":"plain"}},"kion_compliance_level":{"version":0,"block":{"attributes":{"compliance_program_id":{"type":"number","description_kind":"plain","computed":true},"description":{"type":"string","description_kind":"plain","computed":true},"id":{"type":"number","description":"The ID of the ComplianceLevel to fetch.","description_kind":"plain","required":true},"name":{"type":"string","description_kind":"plain","computed":true}},"description":"Use this data source to look up a Kion ComplianceLevel by id.","description_kind":"plain"}},"kion_compliance_program":{"version":0,"block":{"attributes":{"description":{"type":"string","description_kind":"plain","computed":true},"grouping_type":{"type":"string","description_kind":"plain","computed":true},"id":{"type":"number","description":"The ID of a single compliance_program to fetch. Mutually exclusive with `filter` blocks.","description_kind":"plain","optional":true,"computed":true},"list":{"nested_type":{"attributes":{"description":{"type":"string","description_kind":"plain","computed":true},"grouping_type":{"type":"string","description_kind":"plain","computed":true},"id":{"type":"number","description_kind":"plain","computed":true},"name":{"type":"string","description_kind":"plain","computed":true},"terse_name":{"type":"string","description_kind":"plain","computed":true},"verbose_name":{"type":"string","description_kind":"plain","computed":true},"version":{"type":"string","description_kind":"plain","computed":true}},"nesting_mode":"list"},"description":"All compliance_programs matching the supplied id or filter blocks.","description_kind":"plain","computed":true},"name":{"type":"string","description_kind":"plain","computed":true},"terse_name":{"type":"string","description_kind":"plain","computed":true},"verbose_name":{"type":"string","description_kind":"plain","computed":true},"version":{"type":"string","description_kind":"plain","computed":true}},"block_types":{"filter":{"nesting_mode":"list","block":{"attributes":{"name":{"type":"string","description":"The field name whose values you wish to filter by. Supports dotted paths (e.g. \"owner.id\") to traverse nested objects.","description_kind":"plain","required":true},"regex":{"type":"bool","description":"When true, the values are treated as regular expressions instead of exact matches.","description_kind":"plain","optional":true},"values":{"type":["list","string"],"description":"The values of the field name you specified. A row matches if its field equals any of these values.","description_kind":"plain","required":true}},"description":"Filter results by attribute. Multiple filter blocks are AND'd; values within a single filter are OR'd.","description_kind":"plain"}}},"description":"Use this data source to access information about Kion CompliancePrograms. Supports lookup by id (recommended) or by filter blocks (legacy).","description_kind":"plain"}},"kion_compliance_standard":{"version":0,"block":{"attributes":{"id":{"type":"number","description":"The ID of the ComplianceStandard to fetch.","description_kind":"plain","required":true}},"description":"Use this data source to look up a Kion ComplianceStandard by id.","description_kind":"plain"}},"kion_custom_account":{"version":0,"block":{"attributes":{"account_alias":{"type":"string","description_kind":"plain","computed":true},"account_name":{"type":"string","description_kind":"plain","computed":true},"account_number":{"type":"string","description_kind":"plain","computed":true},"id":{"type":"number","description":"The ID of the CustomAccount to fetch.","description_kind":"plain","required":true},"payer_id":{"type":"number","description_kind":"plain","computed":true},"project_id":{"type":"number","description_kind":"plain","computed":true},"start_datecode":{"type":"string","description_kind":"plain","computed":true}},"description":"Use this data source to look up a Kion CustomAccount by id.","description_kind":"plain"}},"kion_custom_variable":{"version":0,"block":{"attributes":{"description":{"type":"string","description_kind":"plain","computed":true},"id":{"type":"number","description":"The ID of a single custom_variable to fetch. Mutually exclusive with `filter` blocks.","description_kind":"plain","optional":true,"computed":true},"key_validation_message":{"type":"string","description_kind":"plain","computed":true},"key_validation_regex":{"type":"string","description_kind":"plain","computed":true},"list":{"nested_type":{"attributes":{"description":{"type":"string","description_kind":"plain","computed":true},"id":{"type":"number","description_kind":"plain","computed":true},"key_validation_message":{"type":"string","description_kind":"plain","computed":true},"key_validation_regex":{"type":"string","description_kind":"plain","computed":true},"name":{"type":"string","description_kind":"plain","computed":true},"type":{"type":"string","description_kind":"plain","computed":true},"value_validation_message":{"type":"string","description_kind":"plain","computed":true},"value_validation_regex":{"type":"string","description_kind":"plain","computed":true}},"nesting_mode":"list"},"description":"All custom_variables matching the supplied id or filter blocks.","description_kind":"plain","computed":true},"name":{"type":"string","description_kind":"plain","computed":true},"type":{"type":"string","description_kind":"plain","computed":true},"value_validation_message":{"type":"string","description_kind":"plain","computed":true},"value_validation_regex":{"type":"string","description_kind":"plain","computed":true}},"block_types":{"filter":{"nesting_mode":"list","block":{"attributes":{"name":{"type":"string","description":"The field name whose values you wish to filter by. Supports dotted paths (e.g. \"owner.id\") to traverse nested objects.","description_kind":"plain","required":true},"regex":{"type":"bool","description":"When true, the values are treated as regular expressions instead of exact matches.","description_kind":"plain","optional":true},"values":{"type":["list","string"],"description":"The values of the field name you specified. A row matches if its field equals any of these values.","description_kind":"plain","required":true}},"description":"Filter results by attribute. Multiple filter blocks are AND'd; values within a single filter are OR'd.","description_kind":"plain"}}},"description":"Use this data source to access information about Kion CustomVariables. Supports lookup by id (recommended) or by filter blocks (legacy).","description_kind":"plain"}},"kion_custom_variable_override":{"version":0,"block":{"attributes":{"list":{"nested_type":{"attributes":{"custom_variable_id":{"type":"string","description_kind":"plain","computed":true},"entity_id":{"type":"string","description_kind":"plain","computed":true},"entity_type":{"type":"string","description_kind":"plain","computed":true},"value_list":{"type":["list","string"],"description_kind":"plain","computed":true},"value_map":{"type":["map","string"],"description_kind":"plain","computed":true},"value_string":{"type":"string","description_kind":"plain","computed":true}},"nesting_mode":"list"},"description":"This is where Kion makes the discovered data available as a list of resources.","description_kind":"plain","computed":true}},"block_types":{"filter":{"nesting_mode":"list","block":{"attributes":{"name":{"type":"string","description":"The field name whose values you wish to filter by. Supports dotted paths (e.g. \"owner.id\") to traverse nested objects.","description_kind":"plain","required":true},"regex":{"type":"bool","description":"When true, the values are treated as regular expressions instead of exact matches.","description_kind":"plain","optional":true},"values":{"type":["list","string"],"description":"The values of the field name you specified. A row matches if its field equals any of these values.","description_kind":"plain","required":true}},"description":"Filter results by attribute. Multiple filter blocks are AND'd; values within a single filter are OR'd.","description_kind":"plain"}}},"description":"Use this data source to access information about Kion Custom Variable Overrides. It enumerates overrides across all OUs, projects, and accounts and returns those matching the supplied filter blocks.","description_kind":"plain"}},"kion_funding_source":{"version":0,"block":{"attributes":{"description":{"type":"string","description_kind":"plain","computed":true},"end_datecode":{"type":"string","description_kind":"plain","computed":true},"id":{"type":"number","description":"The ID of the FundingSource to fetch.","description_kind":"plain","required":true},"name":{"type":"string","description_kind":"plain","computed":true},"ou_id":{"type":"number","description_kind":"plain","computed":true},"start_datecode":{"type":"string","description_kind":"plain","computed":true}},"description":"Use this data source to look up a Kion FundingSource by id.","description_kind":"plain"}},"kion_gcp_account":{"version":0,"block":{"attributes":{"account_alias":{"type":"string","description_kind":"plain","computed":true},"account_name":{"type":"string","description_kind":"plain","computed":true},"account_type_id":{"type":"number","description_kind":"plain","computed":true},"id":{"type":"number","description":"The ID of the GcpAccount to fetch.","description_kind":"plain","required":true},"payer_id":{"type":"number","description_kind":"plain","computed":true},"project_id":{"type":"number","description_kind":"plain","computed":true},"skip_access_checking":{"type":"bool","description_kind":"plain","computed":true},"start_datecode":{"type":"string","description_kind":"plain","computed":true}},"description":"Use this data source to look up a Kion GcpAccount by id.","description_kind":"plain"}},"kion_gcp_iam_role":{"version":0,"block":{"attributes":{"id":{"type":"number","description":"The ID of the GcpIamRole to fetch.","description_kind":"plain","required":true}},"description":"Use this data source to look up a Kion GcpIamRole by id.","description_kind":"plain"}},"kion_gcp_regions":{"version":0,"block":{"attributes":{"regions":{"type":["list","string"],"description":"List of google cloud region names.","description_kind":"markdown","computed":true}},"description_kind":"plain"}},"kion_gcp_service_account":{"version":0,"block":{"attributes":{"description":{"type":"string","description_kind":"plain","computed":true},"disabled":{"type":"bool","description_kind":"plain","computed":true},"display_name":{"type":"string","description_kind":"plain","computed":true},"email":{"type":"string","description_kind":"plain","computed":true},"enable_federation_support":{"type":"bool","description_kind":"plain","computed":true},"gcp_project_id":{"type":"string","description_kind":"plain","computed":true},"id":{"type":"number","description":"The ID of the GcpServiceAccount to fetch.","description_kind":"plain","required":true},"name":{"type":"string","description_kind":"plain","computed":true},"oauth_client_id":{"type":"string","description_kind":"plain","computed":true},"oauth_client_secret":{"type":"string","description_kind":"plain","computed":true},"unique_id":{"type":"string","description_kind":"plain","computed":true}},"description":"Use this data source to look up a Kion GcpServiceAccount by id.","description_kind":"plain"}},"kion_iam_policy":{"version":0,"block":{"attributes":{"id":{"type":"number","description":"The ID of the IamPolicy to fetch.","description_kind":"plain","required":true}},"description":"Use this data source to look up a Kion IamPolicy by id.","description_kind":"plain"}},"kion_idms":{"version":0,"block":{"attributes":{"id":{"type":"number","description":"The ID of the Idms to fetch.","description_kind":"plain","required":true},"idms_type_id":{"type":"number","description_kind":"plain","computed":true},"name":{"type":"string","description_kind":"plain","computed":true},"password_expiration":{"type":"number","description_kind":"plain","computed":true}},"description":"Use this data source to look up a Kion Idms by id.","description_kind":"plain"}},"kion_idms_group_association":{"version":0,"block":{"attributes":{"assertion_name":{"type":"string","description_kind":"plain","computed":true},"assertion_regex":{"type":"string","description_kind":"plain","computed":true},"id":{"type":"number","description":"The ID of the IdmsGroupAssociation to fetch.","description_kind":"plain","required":true},"idms_id":{"type":"number","description_kind":"plain","computed":true},"user_group_id":{"type":"number","description_kind":"plain","computed":true}},"description":"Use this data source to look up a Kion IdmsGroupAssociation by id.","description_kind":"plain"}},"kion_idms_open_id":{"version":0,"block":{"attributes":{"authorization_endpoint":{"type":"string","description_kind":"plain","computed":true},"client_id":{"type":"string","description_kind":"plain","computed":true},"email_claim":{"type":"string","description_kind":"plain","computed":true},"first_name_claim":{"type":"string","description_kind":"plain","computed":true},"id":{"type":"number","description":"The ID of the IdmsOpenId to fetch.","description_kind":"plain","required":true},"issuer":{"type":"string","description_kind":"plain","computed":true},"jwks_uri":{"type":"string","description_kind":"plain","computed":true},"last_name_claim":{"type":"string","description_kind":"plain","computed":true},"name":{"type":"string","description_kind":"plain","computed":true},"phone_claim":{"type":"string","description_kind":"plain","computed":true},"username_claim":{"type":"string","description_kind":"plain","computed":true}},"description":"Use this data source to look up a Kion IdmsOpenId by id.","description_kind":"plain"}},"kion_idms_open_id_access_rule":{"version":0,"block":{"attributes":{"assertion_name":{"type":"string","description_kind":"plain","computed":true},"assertion_regex":{"type":"string","description_kind":"plain","computed":true},"cloudtamer_access_level_id":{"type":"number","description_kind":"plain","computed":true},"id":{"type":"number","description":"The ID of the IdmsOpenIdAccessRule to fetch.","description_kind":"plain","required":true}},"description":"Use this data source to look up a Kion IdmsOpenIdAccessRule by id.","description_kind":"plain"}},"kion_idms_open_id_group_association":{"version":0,"block":{"attributes":{"assertion_name":{"type":"string","description_kind":"plain","computed":true},"assertion_regex":{"type":"string","description_kind":"plain","computed":true},"id":{"type":"number","description":"The ID of the IdmsOpenIdGroupAssociation to fetch.","description_kind":"plain","required":true},"user_group_id":{"type":"number","description_kind":"plain","computed":true}},"description":"Use this data source to look up a Kion IdmsOpenIdGroupAssociation by id.","description_kind":"plain"}},"kion_label":{"version":0,"block":{"attributes":{"color":{"type":"string","description_kind":"plain","computed":true},"id":{"type":"number","description":"The ID of a single label to fetch. Mutually exclusive with `filter` blocks.","description_kind":"plain","optional":true,"computed":true},"key":{"type":"string","description_kind":"plain","computed":true},"list":{"nested_type":{"attributes":{"color":{"type":"string","description_kind":"plain","computed":true},"id":{"type":"number","description_kind":"plain","computed":true},"key":{"type":"string","description_kind":"plain","computed":true},"value":{"type":"string","description_kind":"plain","computed":true}},"nesting_mode":"list"},"description":"All labels matching the supplied id or filter blocks.","description_kind":"plain","computed":true},"value":{"type":"string","description_kind":"plain","computed":true}},"block_types":{"filter":{"nesting_mode":"list","block":{"attributes":{"name":{"type":"string","description":"The field name whose values you wish to filter by. Supports dotted paths (e.g. \"owner.id\") to traverse nested objects.","description_kind":"plain","required":true},"regex":{"type":"bool","description":"When true, the values are treated as regular expressions instead of exact matches.","description_kind":"plain","optional":true},"values":{"type":["list","string"],"description":"The values of the field name you specified. A row matches if its field equals any of these values.","description_kind":"plain","required":true}},"description":"Filter results by attribute. Multiple filter blocks are AND'd; values within a single filter are OR'd.","description_kind":"plain"}}},"description":"Use this data source to access information about Kion Labels. Supports lookup by id (recommended) or by filter blocks (legacy).","description_kind":"plain"}},"kion_ou":{"version":0,"block":{"attributes":{"id":{"type":"number","description":"The ID of the Ou to fetch.","description_kind":"plain","required":true}},"description":"Use this data source to look up a Kion Ou by id.","description_kind":"plain"}},"kion_ou_cloud_access_role":{"version":0,"block":{"attributes":{"id":{"type":"number","description":"The ID of the OuCloudAccessRole to fetch.","description_kind":"plain","required":true}},"description":"Use this data source to look up a Kion OuCloudAccessRole by id.","description_kind":"plain"}},"kion_ou_note":{"version":0,"block":{"attributes":{"create_user_id":{"type":"number","description_kind":"plain","computed":true},"id":{"type":"number","description":"The ID of the OuNote to fetch.","description_kind":"plain","required":true},"name":{"type":"string","description_kind":"plain","computed":true},"ou_id":{"type":"number","description_kind":"plain","computed":true},"text":{"type":"string","description_kind":"plain","computed":true}},"description":"Use this data source to look up a Kion OuNote by id.","description_kind":"plain"}},"kion_project":{"version":0,"block":{"attributes":{"archived":{"type":"bool","description_kind":"plain","computed":true},"auto_pay":{"type":"bool","description_kind":"plain","computed":true},"default_aws_region":{"type":"string","description_kind":"plain","computed":true},"description":{"type":"string","description_kind":"plain","computed":true},"id":{"type":"number","description":"The ID of the Project to fetch.","description_kind":"plain","required":true},"name":{"type":"string","description_kind":"plain","computed":true},"ou_id":{"type":"number","description_kind":"plain","computed":true}},"description":"Use this data source to look up a Kion Project by id.","description_kind":"plain"}},"kion_project_cloud_access_role":{"version":0,"block":{"attributes":{"id":{"type":"number","description":"The ID of the ProjectCloudAccessRole to fetch.","description_kind":"plain","required":true}},"description":"Use this data source to look up a Kion ProjectCloudAccessRole by id.","description_kind":"plain"}},"kion_project_enforcement":{"version":0,"block":{"attributes":{"enforcements":{"nested_type":{"attributes":{"amount_type":{"type":"string","description_kind":"plain","computed":true},"cloud_rule_id":{"type":"number","description_kind":"plain","computed":true},"description":{"type":"string","description_kind":"plain","computed":true},"enabled":{"type":"bool","description_kind":"plain","computed":true},"id":{"type":"number","description_kind":"plain","computed":true},"notification_frequency":{"type":"string","description_kind":"plain","computed":true},"ou_id":{"type":"number","description_kind":"plain","computed":true},"project_id":{"type":"number","description_kind":"plain","computed":true},"service_id":{"type":"number","description_kind":"plain","computed":true},"spend_option":{"type":"string","description_kind":"plain","computed":true},"threshold":{"type":"number","description_kind":"plain","computed":true},"threshold_type":{"type":"string","description_kind":"plain","computed":true},"timeframe":{"type":"string","description_kind":"plain","computed":true},"triggered":{"type":"bool","description_kind":"plain","computed":true},"user_group_ids":{"type":["list","number"],"description_kind":"plain","computed":true},"user_ids":{"type":["list","number"],"description_kind":"plain","computed":true}},"nesting_mode":"list"},"description":"List of project enforcement policies configured in the system.","description_kind":"plain","computed":true},"id":{"type":"string","description":"Synthetic data source identifier.","description_kind":"plain","computed":true},"project_id":{"type":"number","description":"ID of the project to read enforcements from.","description_kind":"plain","required":true}},"block_types":{"filter":{"nesting_mode":"list","block":{"attributes":{"name":{"type":"string","description":"The field name whose values you wish to filter by.","description_kind":"plain","required":true},"regex":{"type":"bool","description":"Dictates if the values provided should be treated as regular expressions.","description_kind":"plain","optional":true},"values":{"type":["list","string"],"description":"The values of the field name you specified.","description_kind":"plain","required":true}},"description_kind":"plain"}}},"description":"Use this data source to access information about Kion Project Enforcements.","description_kind":"plain"}},"kion_project_line_item":{"version":0,"block":{"attributes":{"category_id":{"type":"number","description_kind":"plain","computed":true},"datecode":{"type":"number","description_kind":"plain","computed":true},"description":{"type":"string","description_kind":"plain","computed":true},"funding_source_id":{"type":"number","description_kind":"plain","computed":true},"id":{"type":"number","description":"The ID of the ProjectLineItem to fetch.","description_kind":"plain","required":true},"payer_id":{"type":"number","description_kind":"plain","computed":true},"project_id":{"type":"number","description_kind":"plain","computed":true}},"description":"Use this data source to look up a Kion ProjectLineItem by id.","description_kind":"plain"}},"kion_saml_group_association":{"version":0,"block":{"attributes":{"assertion_name":{"type":"string","description_kind":"plain","computed":true},"assertion_regex":{"type":"string","description_kind":"plain","computed":true},"id":{"type":"number","description":"The ID of the SamlGroupAssociation to fetch.","description_kind":"plain","required":true},"idms_id":{"type":"number","description_kind":"plain","computed":true},"idms_saml_id":{"type":"number","description_kind":"plain","computed":true},"should_update_on_login":{"type":"bool","description_kind":"plain","computed":true},"user_group_id":{"type":"number","description_kind":"plain","computed":true}},"description":"Use this data source to look up a Kion SamlGroupAssociation by id.","description_kind":"plain"}},"kion_scope":{"version":0,"block":{"attributes":{"alias":{"type":"string","description_kind":"plain","computed":true},"description":{"type":"string","description_kind":"plain","computed":true},"end_datecode":{"type":"number","description_kind":"plain","computed":true},"id":{"type":"number","description":"The ID of the Scope to fetch.","description_kind":"plain","required":true},"name":{"type":"string","description_kind":"plain","computed":true},"project_id":{"type":"number","description_kind":"plain","computed":true},"start_datecode":{"type":"number","description_kind":"plain","computed":true}},"description":"Use this data source to look up a Kion Scope by id.","description_kind":"plain"}},"kion_scope_criteria":{"version":0,"block":{"attributes":{"criteria":{"type":"string","description_kind":"plain","computed":true},"criteria_id":{"type":"number","description_kind":"plain","required":true},"end_month":{"type":"number","description_kind":"plain","computed":true},"id":{"type":"string","description_kind":"plain","computed":true},"scope_id":{"type":"number","description_kind":"plain","required":true},"start_month":{"type":"number","description_kind":"plain","computed":true}},"description":"Use this data source to look up a Kion ScopeCriteria by scope_id and criteria_id.","description_kind":"plain"}},"kion_service_catalog":{"version":0,"block":{"attributes":{"id":{"type":"number","description":"The ID of the ServiceCatalog to fetch.","description_kind":"plain","required":true}},"description":"Use this data source to look up a Kion ServiceCatalog by id.","description_kind":"plain"}},"kion_service_control_policy":{"version":0,"block":{"attributes":{"id":{"type":"number","description":"The ID of the ServiceControlPolicy to fetch.","description_kind":"plain","required":true}},"description":"Use this data source to look up a Kion ServiceControlPolicy by id.","description_kind":"plain"}},"kion_user":{"version":0,"block":{"attributes":{"id":{"type":"number","description":"The ID of the User to fetch.","description_kind":"plain","required":true},"mfa":{"type":"number","description_kind":"plain","computed":true}},"description":"Use this data source to look up a Kion User by id.","description_kind":"plain"}},"kion_user_group":{"version":0,"block":{"attributes":{"id":{"type":"number","description":"The ID of the UserGroup to fetch.","description_kind":"plain","required":true}},"description":"Use this data source to look up a Kion UserGroup by id.","description_kind":"plain"}},"kion_webhook":{"version":0,"block":{"attributes":{"id":{"type":"number","description":"The ID of the Webhook to fetch.","description_kind":"plain","required":true}},"description":"Use this data source to look up a Kion Webhook by id.","description_kind":"plain"}}}}}}
